// !$*UTF8*$!
{
	archiveVersion = 1;
	classes = {
	};
	objectVersion = 46;
	objects = {

/* Begin PBXBuildFile section */
		841DF4E81F72174100FCA427 /* ECCommon.swift in Sources */ = {isa = PBXBuildFile; fileRef = 841DF4E71F72174100FCA427 /* ECCommon.swift */; };
		844DB0BA1F6EDB29000E3309 /* AppDelegate.swift in Sources */ = {isa = PBXBuildFile; fileRef = 844DB0B91F6EDB29000E3309 /* AppDelegate.swift */; };
		844DB0BC1F6EDB29000E3309 /* ViewController.swift in Sources */ = {isa = PBXBuildFile; fileRef = 844DB0BB1F6EDB29000E3309 /* ViewController.swift */; };
		844DB0BF1F6EDB29000E3309 /* Main.storyboard in Resources */ = {isa = PBXBuildFile; fileRef = 844DB0BD1F6EDB29000E3309 /* Main.storyboard */; };
		844DB0C11F6EDB29000E3309 /* Assets.xcassets in Resources */ = {isa = PBXBuildFile; fileRef = 844DB0C01F6EDB29000E3309 /* Assets.xcassets */; };
		844DB0C41F6EDB29000E3309 /* LaunchScreen.storyboard in Resources */ = {isa = PBXBuildFile; fileRef = 844DB0C21F6EDB29000E3309 /* LaunchScreen.storyboard */; };
		844DB0CD1F6F8D14000E3309 /* RadarChartViewController.swift in Sources */ = {isa = PBXBuildFile; fileRef = 844DB0CC1F6F8D14000E3309 /* RadarChartViewController.swift */; };
		84914CB71F7379D6004841F3 /* ECRadarChartView.swift in Sources */ = {isa = PBXBuildFile; fileRef = 84914CB61F7379D6004841F3 /* ECRadarChartView.swift */; };
		84914CBA1F74A746004841F3 /* ECBrokenLineCollectionView.swift in Sources */ = {isa = PBXBuildFile; fileRef = 84914CB91F74A745004841F3 /* ECBrokenLineCollectionView.swift */; };
		84914CBC1F74AECF004841F3 /* ECBrokenLineNormalCollectionView.swift in Sources */ = {isa = PBXBuildFile; fileRef = 84914CBB1F74AECF004841F3 /* ECBrokenLineNormalCollectionView.swift */; };
		84914CBE1F761FF8004841F3 /* BrokenLineViewController.swift in Sources */ = {isa = PBXBuildFile; fileRef = 84914CBD1F761FF8004841F3 /* BrokenLineViewController.swift */; };
		84F830891F6FB5E100FD1891 /* ECRadarChartConfig.swift in Sources */ = {isa = PBXBuildFile; fileRef = 84F830881F6FB5E100FD1891 /* ECRadarChartConfig.swift */; };
		84F830911F70BA2100FD1891 /* ECPieChartCoreView.swift in Sources */ = {isa = PBXBuildFile; fileRef = 84F830901F70BA2100FD1891 /* ECPieChartCoreView.swift */; };
		84F830931F70BFA400FD1891 /* PieChartViewController.swift in Sources */ = {isa = PBXBuildFile; fileRef = 84F830921F70BFA400FD1891 /* PieChartViewController.swift */; };
		84F830951F70C1BD00FD1891 /* ECPieChartConfig.swift in Sources */ = {isa = PBXBuildFile; fileRef = 84F830941F70C1BD00FD1891 /* ECPieChartConfig.swift */; };
		84F830971F70C9F400FD1891 /* ECPieChartView.swift in Sources */ = {isa = PBXBuildFile; fileRef = 84F830961F70C9F400FD1891 /* ECPieChartView.swift */; };
		84F830991F70F3CD00FD1891 /* ECPieChartLineView.swift in Sources */ = {isa = PBXBuildFile; fileRef = 84F830981F70F3CD00FD1891 /* ECPieChartLineView.swift */; };
/* End PBXBuildFile section */

/* Begin PBXFileReference section */
		841DF4E71F72174100FCA427 /* ECCommon.swift */ = {isa = PBXFileReference; fileEncoding = 4; lastKnownFileType = sourcecode.swift; path = ECCommon.swift; sourceTree = "<group>"; };
		844DB0B61F6EDB29000E3309 /* Examples.app */ = {isa = PBXFileReference; explicitFileType = wrapper.application; includeInIndex = 0; path = Examples.app; sourceTree = BUILT_PRODUCTS_DIR; };
		844DB0B91F6EDB29000E3309 /* AppDelegate.swift */ = {isa = PBXFileReference; lastKnownFileType = sourcecode.swift; path = AppDelegate.swift; sourceTree = "<group>"; };
		844DB0BB1F6EDB29000E3309 /* ViewController.swift */ = {isa = PBXFileReference; lastKnownFileType = sourcecode.swift; path = ViewController.swift; sourceTree = "<group>"; };
		844DB0BE1F6EDB29000E3309 /* Base */ = {isa = PBXFileReference; lastKnownFileType = file.storyboard; name = Base; path = Base.lproj/Main.storyboard; sourceTree = "<group>"; };
		844DB0C01F6EDB29000E3309 /* Assets.xcassets */ = {isa = PBXFileReference; lastKnownFileType = folder.assetcatalog; path = Assets.xcassets; sourceTree = "<group>"; };
		844DB0C31F6EDB29000E3309 /* Base */ = {isa = PBXFileReference; lastKnownFileType = file.storyboard; name = Base; path = Base.lproj/LaunchScreen.storyboard; sourceTree = "<group>"; };
		844DB0C51F6EDB29000E3309 /* Info.plist */ = {isa = PBXFileReference; lastKnownFileType = text.plist.xml; path = Info.plist; sourceTree = "<group>"; };
		844DB0CC1F6F8D14000E3309 /* RadarChartViewController.swift */ = {isa = PBXFileReference; fileEncoding = 4; lastKnownFileType = sourcecode.swift; path = RadarChartViewController.swift; sourceTree = "<group>"; };
		84914CB61F7379D6004841F3 /* ECRadarChartView.swift */ = {isa = PBXFileReference; lastKnownFileType = sourcecode.swift; path = ECRadarChartView.swift; sourceTree = "<group>"; };
		84914CB91F74A745004841F3 /* ECBrokenLineCollectionView.swift */ = {isa = PBXFileReference; lastKnownFileType = sourcecode.swift; path = ECBrokenLineCollectionView.swift; sourceTree = "<group>"; };
		84914CBB1F74AECF004841F3 /* ECBrokenLineNormalCollectionView.swift */ = {isa = PBXFileReference; lastKnownFileType = sourcecode.swift; path = ECBrokenLineNormalCollectionView.swift; sourceTree = "<group>"; };
		84914CBD1F761FF8004841F3 /* BrokenLineViewController.swift */ = {isa = PBXFileReference; lastKnownFileType = sourcecode.swift; path = BrokenLineViewController.swift; sourceTree = "<group>"; };
		84F830881F6FB5E100FD1891 /* ECRadarChartConfig.swift */ = {isa = PBXFileReference; fileEncoding = 4; lastKnownFileType = sourcecode.swift; path = ECRadarChartConfig.swift; sourceTree = "<group>"; };
		84F830901F70BA2100FD1891 /* ECPieChartCoreView.swift */ = {isa = PBXFileReference; fileEncoding = 4; lastKnownFileType = sourcecode.swift; path = ECPieChartCoreView.swift; sourceTree = "<group>"; };
		84F830921F70BFA400FD1891 /* PieChartViewController.swift */ = {isa = PBXFileReference; fileEncoding = 4; lastKnownFileType = sourcecode.swift; path = PieChartViewController.swift; sourceTree = "<group>"; };
		84F830941F70C1BD00FD1891 /* ECPieChartConfig.swift */ = {isa = PBXFileReference; fileEncoding = 4; lastKnownFileType = sourcecode.swift; path = ECPieChartConfig.swift; sourceTree = "<group>"; };
		84F830961F70C9F400FD1891 /* ECPieChartView.swift */ = {isa = PBXFileReference; fileEncoding = 4; lastKnownFileType = sourcecode.swift; path = ECPieChartView.swift; sourceTree = "<group>"; };
		84F830981F70F3CD00FD1891 /* ECPieChartLineView.swift */ = {isa = PBXFileReference; fileEncoding = 4; lastKnownFileType = sourcecode.swift; path = ECPieChartLineView.swift; sourceTree = "<group>"; };
/* End PBXFileReference section */

/* Begin PBXFrameworksBuildPhase section */
		844DB0B31F6EDB29000E3309 /* Frameworks */ = {
			isa = PBXFrameworksBuildPhase;
			buildActionMask = 2147483647;
			files = (
			);
			runOnlyForDeploymentPostprocessing = 0;
		};
/* End PBXFrameworksBuildPhase section */

/* Begin PBXGroup section */
		841DF4E61F72174100FCA427 /* Common */ = {
			isa = PBXGroup;
			children = (
				841DF4E71F72174100FCA427 /* ECCommon.swift */,
			);
			path = Common;
			sourceTree = "<group>";
		};
		844DB0AD1F6EDB29000E3309 = {
			isa = PBXGroup;
			children = (
				844DB0CE1F6F9753000E3309 /* EasyCharts */,
				844DB0CB1F6F8CD7000E3309 /* ExamplesController */,
				844DB0B81F6EDB29000E3309 /* EasyChartsSwift */,
				844DB0B71F6EDB29000E3309 /* Products */,
			);
			sourceTree = "<group>";
		};
		844DB0B71F6EDB29000E3309 /* Products */ = {
			isa = PBXGroup;
			children = (
				844DB0B61F6EDB29000E3309 /* Examples.app */,
			);
			name = Products;
			sourceTree = "<group>";
		};
		844DB0B81F6EDB29000E3309 /* EasyChartsSwift */ = {
			isa = PBXGroup;
			children = (
				844DB0B91F6EDB29000E3309 /* AppDelegate.swift */,
				844DB0BB1F6EDB29000E3309 /* ViewController.swift */,
				844DB0BD1F6EDB29000E3309 /* Main.storyboard */,
				844DB0C01F6EDB29000E3309 /* Assets.xcassets */,
				844DB0C21F6EDB29000E3309 /* LaunchScreen.storyboard */,
				844DB0C51F6EDB29000E3309 /* Info.plist */,
			);
			path = EasyChartsSwift;
			sourceTree = "<group>";
		};
		844DB0CB1F6F8CD7000E3309 /* ExamplesController */ = {
			isa = PBXGroup;
			children = (
				844DB0CC1F6F8D14000E3309 /* RadarChartViewController.swift */,
				84F830921F70BFA400FD1891 /* PieChartViewController.swift */,
				84914CBD1F761FF8004841F3 /* BrokenLineViewController.swift */,
			);
			name = ExamplesController;
			path = EasyChartsSwift/ExamplesController;
			sourceTree = "<group>";
		};
		844DB0CE1F6F9753000E3309 /* EasyCharts */ = {
			isa = PBXGroup;
			children = (
				84914CB81F74A6A4004841F3 /* BrokenLineChart */,
				841DF4E61F72174100FCA427 /* Common */,
				84F8308F1F70B85800FD1891 /* PieChart */,
				844DB0CF1F6F9753000E3309 /* RadarChart */,
			);
			path = EasyCharts;
			sourceTree = "<group>";
		};
		844DB0CF1F6F9753000E3309 /* RadarChart */ = {
			isa = PBXGroup;
			children = (
				84914CB61F7379D6004841F3 /* ECRadarChartView.swift */,
				84F830881F6FB5E100FD1891 /* ECRadarChartConfig.swift */,
			);
			path = RadarChart;
			sourceTree = "<group>";
		};
		84914CB81F74A6A4004841F3 /* BrokenLineChart */ = {
			isa = PBXGroup;
			children = (
				84914CB91F74A745004841F3 /* ECBrokenLineCollectionView.swift */,
				84914CBB1F74AECF004841F3 /* ECBrokenLineNormalCollectionView.swift */,
			);
			path = BrokenLineChart;
			sourceTree = "<group>";
		};
		84F8308F1F70B85800FD1891 /* PieChart */ = {
			isa = PBXGroup;
			children = (
				84F830901F70BA2100FD1891 /* ECPieChartCoreView.swift */,
				84F830941F70C1BD00FD1891 /* ECPieChartConfig.swift */,
				84F830961F70C9F400FD1891 /* ECPieChartView.swift */,
				84F830981F70F3CD00FD1891 /* ECPieChartLineView.swift */,
			);
			path = PieChart;
			sourceTree = "<group>";
		};
/* End PBXGroup section */

/* Begin PBXNativeTarget section */
		844DB0B51F6EDB29000E3309 /* Examples */ = {
			isa = PBXNativeTarget;
			buildConfigurationList = 844DB0C81F6EDB29000E3309 /* Build configuration list for PBXNativeTarget "Examples" */;
			buildPhases = (
				844DB0B21F6EDB29000E3309 /* Sources */,
				844DB0B31F6EDB29000E3309 /* Frameworks */,
				844DB0B41F6EDB29000E3309 /* Resources */,
			);
			buildRules = (
			);
			dependencies = (
			);
			name = Examples;
			productName = EasyChartsSwift;
			productReference = 844DB0B61F6EDB29000E3309 /* Examples.app */;
			productType = "com.apple.product-type.application";
		};
/* End PBXNativeTarget section */

/* Begin PBXProject section */
		844DB0AE1F6EDB29000E3309 /* Project object */ = {
			isa = PBXProject;
			attributes = {
				LastSwiftUpdateCheck = 0830;
				LastUpgradeCheck = 0900;
				ORGANIZATIONNAME = Global;
				TargetAttributes = {
					844DB0B51F6EDB29000E3309 = {
						CreatedOnToolsVersion = 8.3;
						DevelopmentTeam = DJT5B363GH;
						LastSwiftMigration = 0900;
						ProvisioningStyle = Automatic;
					};
				};
			};
			buildConfigurationList = 844DB0B11F6EDB29000E3309 /* Build configuration list for PBXProject "Examples" */;
			compatibilityVersion = "Xcode 3.2";
			developmentRegion = English;
			hasScannedForEncodings = 0;
			knownRegions = (
				en,
				Base,
			);
			mainGroup = 844DB0AD1F6EDB29000E3309;
			productRefGroup = 844DB0B71F6EDB29000E3309 /* Products */;
			projectDirPath = "";
			projectRoot = "";
			targets = (
				844DB0B51F6EDB29000E3309 /* Examples */,
			);
		};
/* End PBXProject section */

/* Begin PBXResourcesBuildPhase section */
		844DB0B41F6EDB29000E3309 /* Resources */ = {
			isa = PBXResourcesBuildPhase;
			buildActionMask = 2147483647;
			files = (
				844DB0C41F6EDB29000E3309 /* LaunchScreen.storyboard in Resources */,
				844DB0C11F6EDB29000E3309 /* Assets.xcassets in Resources */,
				844DB0BF1F6EDB29000E3309 /* Main.storyboard in Resources */,
			);
			runOnlyForDeploymentPostprocessing = 0;
		};
/* End PBXResourcesBuildPhase section */

/* Begin PBXSourcesBuildPhase section */
		844DB0B21F6EDB29000E3309 /* Sources */ = {
			isa = PBXSourcesBuildPhase;
			buildActionMask = 2147483647;
			files = (
				844DB0BC1F6EDB29000E3309 /* ViewController.swift in Sources */,
				84F830991F70F3CD00FD1891 /* ECPieChartLineView.swift in Sources */,
				84F830971F70C9F400FD1891 /* ECPieChartView.swift in Sources */,
				844DB0BA1F6EDB29000E3309 /* AppDelegate.swift in Sources */,
				84F830911F70BA2100FD1891 /* ECPieChartCoreView.swift in Sources */,
				84F830951F70C1BD00FD1891 /* ECPieChartConfig.swift in Sources */,
				84914CBA1F74A746004841F3 /* ECBrokenLineCollectionView.swift in Sources */,
				84914CBE1F761FF8004841F3 /* BrokenLineViewController.swift in Sources */,
				841DF4E81F72174100FCA427 /* ECCommon.swift in Sources */,
				84F830891F6FB5E100FD1891 /* ECRadarChartConfig.swift in Sources */,
				84914CBC1F74AECF004841F3 /* ECBrokenLineNormalCollectionView.swift in Sources */,
				84F830931F70BFA400FD1891 /* PieChartViewController.swift in Sources */,
				844DB0CD1F6F8D14000E3309 /* RadarChartViewController.swift in Sources */,
				84914CB71F7379D6004841F3 /* ECRadarChartView.swift in Sources */,
			);
			runOnlyForDeploymentPostprocessing = 0;
		};
/* End PBXSourcesBuildPhase section */

/* Begin PBXVariantGroup section */
		844DB0BD1F6EDB29000E3309 /* Main.storyboard */ = {
			isa = PBXVariantGroup;
			children = (
				844DB0BE1F6EDB29000E3309 /* Base */,
			);
			name = Main.storyboard;
			sourceTree = "<group>";
		};
		844DB0C21F6EDB29000E3309 /* LaunchScreen.storyboard */ = {
			isa = PBXVariantGroup;
			children = (
				844DB0C31F6EDB29000E3309 /* Base */,
			);
			name = LaunchScreen.storyboard;
			sourceTree = "<group>";
		};
/* End PBXVariantGroup section */

/* Begin XCBuildConfiguration section */
		844DB0C61F6EDB29000E3309 /* Debug */ = {
			isa = XCBuildConfiguration;
			buildSettings = {
				ALWAYS_SEARCH_USER_PATHS = NO;
				CLANG_ANALYZER_NONNULL = YES;
				CLANG_ANALYZER_NUMBER_OBJECT_CONVERSION = YES_AGGRESSIVE;
				CLANG_CXX_LANGUAGE_STANDARD = "gnu++0x";
				CLANG_CXX_LIBRARY = "libc++";
				CLANG_ENABLE_MODULES = YES;
				CLANG_ENABLE_OBJC_ARC = YES;
				CLANG_WARN_BLOCK_CAPTURE_AUTORELEASING = YES;
				CLANG_WARN_BOOL_CONVERSION = YES;
				CLANG_WARN_COMMA = YES;
				CLANG_WARN_CONSTANT_CONVERSION = YES;
				CLANG_WARN_DIRECT_OBJC_ISA_USAGE = YES_ERROR;
				CLANG_WARN_DOCUMENTATION_COMMENTS = YES;
				CLANG_WARN_EMPTY_BODY = YES;
				CLANG_WARN_ENUM_CONVERSION = YES;
				CLANG_WARN_INFINITE_RECURSION = YES;
				CLANG_WARN_INT_CONVERSION = YES;
				CLANG_WARN_NON_LITERAL_NULL_CONVERSION = YES;
				CLANG_WARN_OBJC_LITERAL_CONVERSION = YES;
				CLANG_WARN_OBJC_ROOT_CLASS = YES_ERROR;
				CLANG_WARN_RANGE_LOOP_ANALYSIS = YES;
				CLANG_WARN_STRICT_PROTOTYPES = YES;
				CLANG_WARN_SUSPICIOUS_MOVE = YES;
				CLANG_WARN_UNREACHABLE_CODE = YES;
				CLANG_WARN__DUPLICATE_METHOD_MATCH = YES;
				"CODE_SIGN_IDENTITY[sdk=iphoneos*]" = "iPhone Developer";
				COPY_PHASE_STRIP = NO;
				DEBUG_INFORMATION_FORMAT = dwarf;
				ENABLE_STRICT_OBJC_MSGSEND = YES;
				ENABLE_TESTABILITY = YES;
				GCC_C_LANGUAGE_STANDARD = gnu99;
				GCC_DYNAMIC_NO_PIC = NO;
				GCC_NO_COMMON_BLOCKS = YES;
				GCC_OPTIMIZATION_LEVEL = 0;
				GCC_PREPROCESSOR_DEFINITIONS = (
					"DEBUG=1",
					"$(inherited)",
				);
				GCC_WARN_64_TO_32_BIT_CONVERSION = YES;
				GCC_WARN_ABOUT_RETURN_TYPE = YES_ERROR;
				GCC_WARN_UNDECLARED_SELECTOR = YES;
				GCC_WARN_UNINITIALIZED_AUTOS = YES_AGGRESSIVE;
				GCC_WARN_UNUSED_FUNCTION = YES;
				GCC_WARN_UNUSED_VARIABLE = YES;
				IPHONEOS_DEPLOYMENT_TARGET = 10.3;
				MTL_ENABLE_DEBUG_INFO = YES;
				ONLY_ACTIVE_ARCH = YES;
				SDKROOT = iphoneos;
				SWIFT_ACTIVE_COMPILATION_CONDITIONS = DEBUG;
				SWIFT_OPTIMIZATION_LEVEL = "-Onone";
			};
			name = Debug;
		};
		844DB0C71F6EDB29000E3309 /* Release */ = {
			isa = XCBuildConfiguration;
			buildSettings = {
				ALWAYS_SEARCH_USER_PATHS = NO;
				CLANG_ANALYZER_NONNULL = YES;
				CLANG_ANALYZER_NUMBER_OBJECT_CONVERSION = YES_AGGRESSIVE;
				CLANG_CXX_LANGUAGE_STANDARD = "gnu++0x";
				CLANG_CXX_LIBRARY = "libc++";
				CLANG_ENABLE_MODULES = YES;
				CLANG_ENABLE_OBJC_ARC = YES;
				CLANG_WARN_BLOCK_CAPTURE_AUTORELEASING = YES;
				CLANG_WARN_BOOL_CONVERSION = YES;
				CLANG_WARN_COMMA = YES;
				CLANG_WARN_CONSTANT_CONVERSION = YES;
				CLANG_WARN_DIRECT_OBJC_ISA_USAGE = YES_ERROR;
				CLANG_WARN_DOCUMENTATION_COMMENTS = YES;
				CLANG_WARN_EMPTY_BODY = YES;
				CLANG_WARN_ENUM_CONVERSION = YES;
				CLANG_WARN_INFINITE_RECURSION = YES;
				CLANG_WARN_INT_CONVERSION = YES;
				CLANG_WARN_NON_LITERAL_NULL_CONVERSION = YES;
				CLANG_WARN_OBJC_LITERAL_CONVERSION = YES;
				CLANG_WARN_OBJC_ROOT_CLASS = YES_ERROR;
				CLANG_WARN_RANGE_LOOP_ANALYSIS = YES;
				CLANG_WARN_STRICT_PROTOTYPES = YES;
				CLANG_WARN_SUSPICIOUS_MOVE = YES;
				CLANG_WARN_UNREACHABLE_CODE = YES;
				CLANG_WARN__DUPLICATE_METHOD_MATCH = YES;
				"CODE_SIGN_IDENTITY[sdk=iphoneos*]" = "iPhone Developer";
				COPY_PHASE_STRIP = NO;
				DEBUG_INFORMATION_FORMAT = "dwarf-with-dsym";
				ENABLE_NS_ASSERTIONS = NO;
				ENABLE_STRICT_OBJC_MSGSEND = YES;
				GCC_C_LANGUAGE_STANDARD = gnu99;
				GCC_NO_COMMON_BLOCKS = YES;
				GCC_WARN_64_TO_32_BIT_CONVERSION = YES;
				GCC_WARN_ABOUT_RETURN_TYPE = YES_ERROR;
				GCC_WARN_UNDECLARED_SELECTOR = YES;
				GCC_WARN_UNINITIALIZED_AUTOS = YES_AGGRESSIVE;
				GCC_WARN_UNUSED_FUNCTION = YES;
				GCC_WARN_UNUSED_VARIABLE = YES;
				IPHONEOS_DEPLOYMENT_TARGET = 10.3;
				MTL_ENABLE_DEBUG_INFO = NO;
				SDKROOT = iphoneos;
				SWIFT_OPTIMIZATION_LEVEL = "-Owholemodule";
				VALIDATE_PRODUCT = YES;
			};
			name = Release;
		};
		844DB0C91F6EDB29000E3309 /* Debug */ = {
			isa = XCBuildConfiguration;
			buildSettings = {
				ASSETCATALOG_COMPILER_APPICON_NAME = AppIcon;
				DEVELOPMENT_TEAM = DJT5B363GH;
				INFOPLIST_FILE = EasyChartsSwift/Info.plist;
				LD_RUNPATH_SEARCH_PATHS = "$(inherited) @executable_path/Frameworks";
				PRODUCT_BUNDLE_IDENTIFIER = com.topglobaledu.uschool.student;
				PRODUCT_NAME = "$(TARGET_NAME)";
				SWIFT_SWIFT3_OBJC_INFERENCE = Off;
				SWIFT_VERSION = 4.0;
			};
			name = Debug;
		};
		844DB0CA1F6EDB29000E3309 /* Release */ = {
			isa = XCBuildConfiguration;
			buildSettings = {
				ASSETCATALOG_COMPILER_APPICON_NAME = AppIcon;
				DEVELOPMENT_TEAM = DJT5B363GH;
				INFOPLIST_FILE = EasyChartsSwift/Info.plist;
				LD_RUNPATH_SEARCH_PATHS = "$(inherited) @executable_path/Frameworks";
				PRODUCT_BUNDLE_IDENTIFIER = com.topglobaledu.uschool.student;
				PRODUCT_NAME = "$(TARGET_NAME)";
				SWIFT_SWIFT3_OBJC_INFERENCE = Off;
				SWIFT_VERSION = 4.0;
			};
			name = Release;
		};
/* End XCBuildConfiguration section */

/* Begin XCConfigurationList section */
		844DB0B11F6EDB29000E3309 /* Build configuration list for PBXProject "Examples" */ = {
			isa = XCConfigurationList;
			buildConfigurations = (
				844DB0C61F6EDB29000E3309 /* Debug */,
				844DB0C71F6EDB29000E3309 /* Release */,
			);
			defaultConfigurationIsVisible = 0;
			defaultConfigurationName = Release;
		};
		844DB0C81F6EDB29000E3309 /* Build configuration list for PBXNativeTarget "Examples" */ = {
			isa = XCConfigurationList;
			buildConfigurations = (
				844DB0C91F6EDB29000E3309 /* Debug */,
				844DB0CA1F6EDB29000E3309 /* Release */,
			);
			defaultConfigurationIsVisible = 0;
			defaultConfigurationName = Release;
		};
/* End XCConfigurationList section */
	};
	rootObject = 844DB0AE1F6EDB29000E3309 /* Project object */;
}
