// !$*UTF8*$!
{
	archiveVersion = 1;
	classes = {
	};
	objectVersion = 46;
	objects = {

/* Begin PBXBuildFile section */
		842CBDC01EAE0F5F0090D92F /* main.m in Sources */ = {isa = PBXBuildFile; fileRef = 842CBDBF1EAE0F5F0090D92F /* main.m */; };
		842CBDC31EAE0F5F0090D92F /* AppDelegate.m in Sources */ = {isa = PBXBuildFile; fileRef = 842CBDC21EAE0F5F0090D92F /* AppDelegate.m */; };
		842CBDC61EAE0F5F0090D92F /* ViewController.m in Sources */ = {isa = PBXBuildFile; fileRef = 842CBDC51EAE0F5F0090D92F /* ViewController.m */; };
		842CBDC91EAE0F5F0090D92F /* Main.storyboard in Resources */ = {isa = PBXBuildFile; fileRef = 842CBDC71EAE0F5F0090D92F /* Main.storyboard */; };
		842CBDCB1EAE0F5F0090D92F /* Assets.xcassets in Resources */ = {isa = PBXBuildFile; fileRef = 842CBDCA1EAE0F5F0090D92F /* Assets.xcassets */; };
		842CBDCE1EAE0F5F0090D92F /* LaunchScreen.storyboard in Resources */ = {isa = PBXBuildFile; fileRef = 842CBDCC1EAE0F5F0090D92F /* LaunchScreen.storyboard */; };
		846361CE1F569352000B65DC /* DrawBarCollectionView.m in Sources */ = {isa = PBXBuildFile; fileRef = 846361A61F569352000B65DC /* DrawBarCollectionView.m */; };
		846361CF1F569352000B65DC /* DrawBarCollectionViewCell.m in Sources */ = {isa = PBXBuildFile; fileRef = 846361A81F569352000B65DC /* DrawBarCollectionViewCell.m */; };
		846361D01F569352000B65DC /* ECBrokenLineNormalCollectionView.m in Sources */ = {isa = PBXBuildFile; fileRef = 846361AB1F569352000B65DC /* ECBrokenLineNormalCollectionView.m */; };
		846361D11F569352000B65DC /* ECBrokenLineNormalBackgroundView.m in Sources */ = {isa = PBXBuildFile; fileRef = 846361AD1F569352000B65DC /* ECBrokenLineNormalBackgroundView.m */; };
		846361D21F569352000B65DC /* ECBrokenLineConfig.m in Sources */ = {isa = PBXBuildFile; fileRef = 846361AF1F569352000B65DC /* ECBrokenLineConfig.m */; };
		846361D31F569352000B65DC /* ECBrokenLineCenterBackgroundView.m in Sources */ = {isa = PBXBuildFile; fileRef = 846361B11F569352000B65DC /* ECBrokenLineCenterBackgroundView.m */; };
		846361D41F569352000B65DC /* ECBrokenLineCircleLayer.m in Sources */ = {isa = PBXBuildFile; fileRef = 846361B31F569352000B65DC /* ECBrokenLineCircleLayer.m */; };
		846361D51F569352000B65DC /* ECBrokenLineCenterCollectionView.m in Sources */ = {isa = PBXBuildFile; fileRef = 846361B51F569352000B65DC /* ECBrokenLineCenterCollectionView.m */; };
		846361D61F569352000B65DC /* ECBrokenLineCollectionViewCell.m in Sources */ = {isa = PBXBuildFile; fileRef = 846361B71F569352000B65DC /* ECBrokenLineCollectionViewCell.m */; };
		846361D71F569352000B65DC /* ECBrokenLineView.m in Sources */ = {isa = PBXBuildFile; fileRef = 846361B91F569352000B65DC /* ECBrokenLineView.m */; };
		846361D81F569352000B65DC /* ECBrokenLinePointModel.m in Sources */ = {isa = PBXBuildFile; fileRef = 846361BB1F569352000B65DC /* ECBrokenLinePointModel.m */; };
		846361DA1F569352000B65DC /* ECPieChartLineView.m in Sources */ = {isa = PBXBuildFile; fileRef = 846361C41F569352000B65DC /* ECPieChartLineView.m */; };
		846361DB1F569352000B65DC /* ECPieChartModel.m in Sources */ = {isa = PBXBuildFile; fileRef = 846361C61F569352000B65DC /* ECPieChartModel.m */; };
		846361DC1F569352000B65DC /* ECPieChartCoreView.m in Sources */ = {isa = PBXBuildFile; fileRef = 846361C81F569352000B65DC /* ECPieChartCoreView.m */; };
		846361DD1F569352000B65DC /* ECPieChartView.m in Sources */ = {isa = PBXBuildFile; fileRef = 846361CA1F569352000B65DC /* ECPieChartView.m */; };
		846361DE1F569352000B65DC /* DrawProgressChartView.m in Sources */ = {isa = PBXBuildFile; fileRef = 846361CD1F569352000B65DC /* DrawProgressChartView.m */; };
		846361E11F56BDE0000B65DC /* ECBrokenLineCollectionView.m in Sources */ = {isa = PBXBuildFile; fileRef = 846361E01F56BDE0000B65DC /* ECBrokenLineCollectionView.m */; };
		846361E51F56CB6E000B65DC /* ECBrokenLineCollectionViewFactory.m in Sources */ = {isa = PBXBuildFile; fileRef = 846361E41F56CB6E000B65DC /* ECBrokenLineCollectionViewFactory.m */; };
		8465558A1EE67B21008B902A /* DrawLineViewController.m in Sources */ = {isa = PBXBuildFile; fileRef = 846555891EE67B21008B902A /* DrawLineViewController.m */; };
		8465558D1EE67B7A008B902A /* DrawCircleViewController.m in Sources */ = {isa = PBXBuildFile; fileRef = 8465558C1EE67B7A008B902A /* DrawCircleViewController.m */; };
		846555901EE67BD3008B902A /* ProgressViewViewController.m in Sources */ = {isa = PBXBuildFile; fileRef = 8465558F1EE67BD3008B902A /* ProgressViewViewController.m */; };
		8465559D1EE6C738008B902A /* Images.xcassets in Resources */ = {isa = PBXBuildFile; fileRef = 8465559C1EE6C738008B902A /* Images.xcassets */; };
		847B57F71F51692E003555EF /* BrokenLine2ViewController.m in Sources */ = {isa = PBXBuildFile; fileRef = 847B57F61F51692D003555EF /* BrokenLine2ViewController.m */; };
		8491B6701EEA7E5C00AF335F /* DrawBarViewController.m in Sources */ = {isa = PBXBuildFile; fileRef = 8491B66F1EEA7E5C00AF335F /* DrawBarViewController.m */; };
/* End PBXBuildFile section */

/* Begin PBXFileReference section */
		842CBDBB1EAE0F5F0090D92F /* DrawByCollectionView.app */ = {isa = PBXFileReference; explicitFileType = wrapper.application; includeInIndex = 0; path = DrawByCollectionView.app; sourceTree = BUILT_PRODUCTS_DIR; };
		842CBDBF1EAE0F5F0090D92F /* main.m */ = {isa = PBXFileReference; lastKnownFileType = sourcecode.c.objc; path = main.m; sourceTree = "<group>"; };
		842CBDC11EAE0F5F0090D92F /* AppDelegate.h */ = {isa = PBXFileReference; lastKnownFileType = sourcecode.c.h; path = AppDelegate.h; sourceTree = "<group>"; };
		842CBDC21EAE0F5F0090D92F /* AppDelegate.m */ = {isa = PBXFileReference; lastKnownFileType = sourcecode.c.objc; path = AppDelegate.m; sourceTree = "<group>"; };
		842CBDC41EAE0F5F0090D92F /* ViewController.h */ = {isa = PBXFileReference; lastKnownFileType = sourcecode.c.h; path = ViewController.h; sourceTree = "<group>"; };
		842CBDC51EAE0F5F0090D92F /* ViewController.m */ = {isa = PBXFileReference; lastKnownFileType = sourcecode.c.objc; path = ViewController.m; sourceTree = "<group>"; };
		842CBDC81EAE0F5F0090D92F /* Base */ = {isa = PBXFileReference; lastKnownFileType = file.storyboard; name = Base; path = Base.lproj/Main.storyboard; sourceTree = "<group>"; };
		842CBDCA1EAE0F5F0090D92F /* Assets.xcassets */ = {isa = PBXFileReference; lastKnownFileType = folder.assetcatalog; path = Assets.xcassets; sourceTree = "<group>"; };
		842CBDCD1EAE0F5F0090D92F /* Base */ = {isa = PBXFileReference; lastKnownFileType = file.storyboard; name = Base; path = Base.lproj/LaunchScreen.storyboard; sourceTree = "<group>"; };
		842CBDCF1EAE0F5F0090D92F /* Info.plist */ = {isa = PBXFileReference; lastKnownFileType = text.plist.xml; path = Info.plist; sourceTree = "<group>"; };
		846361A51F569352000B65DC /* DrawBarCollectionView.h */ = {isa = PBXFileReference; fileEncoding = 4; lastKnownFileType = sourcecode.c.h; path = DrawBarCollectionView.h; sourceTree = "<group>"; };
		846361A61F569352000B65DC /* DrawBarCollectionView.m */ = {isa = PBXFileReference; fileEncoding = 4; lastKnownFileType = sourcecode.c.objc; path = DrawBarCollectionView.m; sourceTree = "<group>"; };
		846361A71F569352000B65DC /* DrawBarCollectionViewCell.h */ = {isa = PBXFileReference; fileEncoding = 4; lastKnownFileType = sourcecode.c.h; path = DrawBarCollectionViewCell.h; sourceTree = "<group>"; };
		846361A81F569352000B65DC /* DrawBarCollectionViewCell.m */ = {isa = PBXFileReference; fileEncoding = 4; lastKnownFileType = sourcecode.c.objc; path = DrawBarCollectionViewCell.m; sourceTree = "<group>"; };
		846361AA1F569352000B65DC /* ECBrokenLineNormalCollectionView.h */ = {isa = PBXFileReference; fileEncoding = 4; lastKnownFileType = sourcecode.c.h; path = ECBrokenLineNormalCollectionView.h; sourceTree = "<group>"; };
		846361AB1F569352000B65DC /* ECBrokenLineNormalCollectionView.m */ = {isa = PBXFileReference; fileEncoding = 4; lastKnownFileType = sourcecode.c.objc; path = ECBrokenLineNormalCollectionView.m; sourceTree = "<group>"; };
		846361AC1F569352000B65DC /* ECBrokenLineNormalBackgroundView.h */ = {isa = PBXFileReference; fileEncoding = 4; lastKnownFileType = sourcecode.c.h; path = ECBrokenLineNormalBackgroundView.h; sourceTree = "<group>"; };
		846361AD1F569352000B65DC /* ECBrokenLineNormalBackgroundView.m */ = {isa = PBXFileReference; fileEncoding = 4; lastKnownFileType = sourcecode.c.objc; path = ECBrokenLineNormalBackgroundView.m; sourceTree = "<group>"; };
		846361AE1F569352000B65DC /* ECBrokenLineConfig.h */ = {isa = PBXFileReference; fileEncoding = 4; lastKnownFileType = sourcecode.c.h; path = ECBrokenLineConfig.h; sourceTree = "<group>"; };
		846361AF1F569352000B65DC /* ECBrokenLineConfig.m */ = {isa = PBXFileReference; fileEncoding = 4; lastKnownFileType = sourcecode.c.objc; path = ECBrokenLineConfig.m; sourceTree = "<group>"; };
		846361B01F569352000B65DC /* ECBrokenLineCenterBackgroundView.h */ = {isa = PBXFileReference; fileEncoding = 4; lastKnownFileType = sourcecode.c.h; path = ECBrokenLineCenterBackgroundView.h; sourceTree = "<group>"; };
		846361B11F569352000B65DC /* ECBrokenLineCenterBackgroundView.m */ = {isa = PBXFileReference; fileEncoding = 4; lastKnownFileType = sourcecode.c.objc; path = ECBrokenLineCenterBackgroundView.m; sourceTree = "<group>"; };
		846361B21F569352000B65DC /* ECBrokenLineCircleLayer.h */ = {isa = PBXFileReference; fileEncoding = 4; lastKnownFileType = sourcecode.c.h; path = ECBrokenLineCircleLayer.h; sourceTree = "<group>"; };
		846361B31F569352000B65DC /* ECBrokenLineCircleLayer.m */ = {isa = PBXFileReference; fileEncoding = 4; lastKnownFileType = sourcecode.c.objc; path = ECBrokenLineCircleLayer.m; sourceTree = "<group>"; };
		846361B41F569352000B65DC /* ECBrokenLineCenterCollectionView.h */ = {isa = PBXFileReference; fileEncoding = 4; lastKnownFileType = sourcecode.c.h; path = ECBrokenLineCenterCollectionView.h; sourceTree = "<group>"; };
		846361B51F569352000B65DC /* ECBrokenLineCenterCollectionView.m */ = {isa = PBXFileReference; fileEncoding = 4; lastKnownFileType = sourcecode.c.objc; path = ECBrokenLineCenterCollectionView.m; sourceTree = "<group>"; };
		846361B61F569352000B65DC /* ECBrokenLineCollectionViewCell.h */ = {isa = PBXFileReference; fileEncoding = 4; lastKnownFileType = sourcecode.c.h; path = ECBrokenLineCollectionViewCell.h; sourceTree = "<group>"; };
		846361B71F569352000B65DC /* ECBrokenLineCollectionViewCell.m */ = {isa = PBXFileReference; fileEncoding = 4; lastKnownFileType = sourcecode.c.objc; path = ECBrokenLineCollectionViewCell.m; sourceTree = "<group>"; };
		846361B81F569352000B65DC /* ECBrokenLineView.h */ = {isa = PBXFileReference; fileEncoding = 4; lastKnownFileType = sourcecode.c.h; path = ECBrokenLineView.h; sourceTree = "<group>"; };
		846361B91F569352000B65DC /* ECBrokenLineView.m */ = {isa = PBXFileReference; fileEncoding = 4; lastKnownFileType = sourcecode.c.objc; path = ECBrokenLineView.m; sourceTree = "<group>"; };
		846361BA1F569352000B65DC /* ECBrokenLinePointModel.h */ = {isa = PBXFileReference; fileEncoding = 4; lastKnownFileType = sourcecode.c.h; path = ECBrokenLinePointModel.h; sourceTree = "<group>"; };
		846361BB1F569352000B65DC /* ECBrokenLinePointModel.m */ = {isa = PBXFileReference; fileEncoding = 4; lastKnownFileType = sourcecode.c.objc; path = ECBrokenLinePointModel.m; sourceTree = "<group>"; };
		846361BD1F569352000B65DC /* CommonColor.h */ = {isa = PBXFileReference; fileEncoding = 4; lastKnownFileType = sourcecode.c.h; path = CommonColor.h; sourceTree = "<group>"; };
		846361C11F569352000B65DC /* EasyCharts.h */ = {isa = PBXFileReference; fileEncoding = 4; lastKnownFileType = sourcecode.c.h; path = EasyCharts.h; sourceTree = "<group>"; };
		846361C31F569352000B65DC /* ECPieChartLineView.h */ = {isa = PBXFileReference; fileEncoding = 4; lastKnownFileType = sourcecode.c.h; path = ECPieChartLineView.h; sourceTree = "<group>"; };
		846361C41F569352000B65DC /* ECPieChartLineView.m */ = {isa = PBXFileReference; fileEncoding = 4; lastKnownFileType = sourcecode.c.objc; path = ECPieChartLineView.m; sourceTree = "<group>"; };
		846361C51F569352000B65DC /* ECPieChartModel.h */ = {isa = PBXFileReference; fileEncoding = 4; lastKnownFileType = sourcecode.c.h; path = ECPieChartModel.h; sourceTree = "<group>"; };
		846361C61F569352000B65DC /* ECPieChartModel.m */ = {isa = PBXFileReference; fileEncoding = 4; lastKnownFileType = sourcecode.c.objc; path = ECPieChartModel.m; sourceTree = "<group>"; };
		846361C71F569352000B65DC /* ECPieChartCoreView.h */ = {isa = PBXFileReference; fileEncoding = 4; lastKnownFileType = sourcecode.c.h; path = ECPieChartCoreView.h; sourceTree = "<group>"; };
		846361C81F569352000B65DC /* ECPieChartCoreView.m */ = {isa = PBXFileReference; fileEncoding = 4; lastKnownFileType = sourcecode.c.objc; path = ECPieChartCoreView.m; sourceTree = "<group>"; };
		846361C91F569352000B65DC /* ECPieChartView.h */ = {isa = PBXFileReference; fileEncoding = 4; lastKnownFileType = sourcecode.c.h; path = ECPieChartView.h; sourceTree = "<group>"; };
		846361CA1F569352000B65DC /* ECPieChartView.m */ = {isa = PBXFileReference; fileEncoding = 4; lastKnownFileType = sourcecode.c.objc; path = ECPieChartView.m; sourceTree = "<group>"; };
		846361CC1F569352000B65DC /* DrawProgressChartView.h */ = {isa = PBXFileReference; fileEncoding = 4; lastKnownFileType = sourcecode.c.h; path = DrawProgressChartView.h; sourceTree = "<group>"; };
		846361CD1F569352000B65DC /* DrawProgressChartView.m */ = {isa = PBXFileReference; fileEncoding = 4; lastKnownFileType = sourcecode.c.objc; path = DrawProgressChartView.m; sourceTree = "<group>"; };
		846361DF1F56BDE0000B65DC /* ECBrokenLineCollectionView.h */ = {isa = PBXFileReference; fileEncoding = 4; lastKnownFileType = sourcecode.c.h; path = ECBrokenLineCollectionView.h; sourceTree = "<group>"; };
		846361E01F56BDE0000B65DC /* ECBrokenLineCollectionView.m */ = {isa = PBXFileReference; fileEncoding = 4; lastKnownFileType = sourcecode.c.objc; path = ECBrokenLineCollectionView.m; sourceTree = "<group>"; };
		846361E21F56C9A1000B65DC /* ECBrokenLineProtocol.h */ = {isa = PBXFileReference; lastKnownFileType = sourcecode.c.h; path = ECBrokenLineProtocol.h; sourceTree = "<group>"; };
		846361E31F56CB6E000B65DC /* ECBrokenLineCollectionViewFactory.h */ = {isa = PBXFileReference; fileEncoding = 4; lastKnownFileType = sourcecode.c.h; path = ECBrokenLineCollectionViewFactory.h; sourceTree = "<group>"; };
		846361E41F56CB6E000B65DC /* ECBrokenLineCollectionViewFactory.m */ = {isa = PBXFileReference; fileEncoding = 4; lastKnownFileType = sourcecode.c.objc; path = ECBrokenLineCollectionViewFactory.m; sourceTree = "<group>"; };
		846555881EE67B21008B902A /* DrawLineViewController.h */ = {isa = PBXFileReference; fileEncoding = 4; lastKnownFileType = sourcecode.c.h; path = DrawLineViewController.h; sourceTree = "<group>"; };
		846555891EE67B21008B902A /* DrawLineViewController.m */ = {isa = PBXFileReference; fileEncoding = 4; lastKnownFileType = sourcecode.c.objc; path = DrawLineViewController.m; sourceTree = "<group>"; };
		8465558B1EE67B7A008B902A /* DrawCircleViewController.h */ = {isa = PBXFileReference; fileEncoding = 4; lastKnownFileType = sourcecode.c.h; path = DrawCircleViewController.h; sourceTree = "<group>"; };
		8465558C1EE67B7A008B902A /* DrawCircleViewController.m */ = {isa = PBXFileReference; fileEncoding = 4; lastKnownFileType = sourcecode.c.objc; path = DrawCircleViewController.m; sourceTree = "<group>"; };
		8465558E1EE67BD3008B902A /* ProgressViewViewController.h */ = {isa = PBXFileReference; fileEncoding = 4; lastKnownFileType = sourcecode.c.h; path = ProgressViewViewController.h; sourceTree = "<group>"; };
		8465558F1EE67BD3008B902A /* ProgressViewViewController.m */ = {isa = PBXFileReference; fileEncoding = 4; lastKnownFileType = sourcecode.c.objc; path = ProgressViewViewController.m; sourceTree = "<group>"; };
		8465559C1EE6C738008B902A /* Images.xcassets */ = {isa = PBXFileReference; lastKnownFileType = folder.assetcatalog; path = Images.xcassets; sourceTree = "<group>"; };
		846555AA1EE8F0D1008B902A /* AdSupport.framework */ = {isa = PBXFileReference; lastKnownFileType = wrapper.framework; name = AdSupport.framework; path = System/Library/Frameworks/AdSupport.framework; sourceTree = SDKROOT; };
		847B57F51F51692D003555EF /* BrokenLine2ViewController.h */ = {isa = PBXFileReference; fileEncoding = 4; lastKnownFileType = sourcecode.c.h; path = BrokenLine2ViewController.h; sourceTree = "<group>"; };
		847B57F61F51692D003555EF /* BrokenLine2ViewController.m */ = {isa = PBXFileReference; fileEncoding = 4; lastKnownFileType = sourcecode.c.objc; path = BrokenLine2ViewController.m; sourceTree = "<group>"; };
		8491B66E1EEA7E5C00AF335F /* DrawBarViewController.h */ = {isa = PBXFileReference; fileEncoding = 4; lastKnownFileType = sourcecode.c.h; path = DrawBarViewController.h; sourceTree = "<group>"; };
		8491B66F1EEA7E5C00AF335F /* DrawBarViewController.m */ = {isa = PBXFileReference; fileEncoding = 4; lastKnownFileType = sourcecode.c.objc; path = DrawBarViewController.m; sourceTree = "<group>"; };
/* End PBXFileReference section */

/* Begin PBXFrameworksBuildPhase section */
		842CBDB81EAE0F5F0090D92F /* Frameworks */ = {
			isa = PBXFrameworksBuildPhase;
			buildActionMask = 2147483647;
			files = (
			);
			runOnlyForDeploymentPostprocessing = 0;
		};
/* End PBXFrameworksBuildPhase section */

/* Begin PBXGroup section */
		842CBDB21EAE0F5F0090D92F = {
			isa = PBXGroup;
			children = (
				842CBDBD1EAE0F5F0090D92F /* DrawByCollectionView */,
				842CBDBC1EAE0F5F0090D92F /* Products */,
				846555A91EE8F0D1008B902A /* Frameworks */,
			);
			sourceTree = "<group>";
		};
		842CBDBC1EAE0F5F0090D92F /* Products */ = {
			isa = PBXGroup;
			children = (
				842CBDBB1EAE0F5F0090D92F /* DrawByCollectionView.app */,
			);
			name = Products;
			sourceTree = "<group>";
		};
		842CBDBD1EAE0F5F0090D92F /* DrawByCollectionView */ = {
			isa = PBXGroup;
			children = (
				846361A31F569352000B65DC /* EasyCharts */,
				842CBDC11EAE0F5F0090D92F /* AppDelegate.h */,
				842CBDC21EAE0F5F0090D92F /* AppDelegate.m */,
				842CBDC41EAE0F5F0090D92F /* ViewController.h */,
				842CBDC51EAE0F5F0090D92F /* ViewController.m */,
				846555881EE67B21008B902A /* DrawLineViewController.h */,
				846555891EE67B21008B902A /* DrawLineViewController.m */,
				8465558B1EE67B7A008B902A /* DrawCircleViewController.h */,
				8465558C1EE67B7A008B902A /* DrawCircleViewController.m */,
				8465558E1EE67BD3008B902A /* ProgressViewViewController.h */,
				8465558F1EE67BD3008B902A /* ProgressViewViewController.m */,
				8491B66E1EEA7E5C00AF335F /* DrawBarViewController.h */,
				8491B66F1EEA7E5C00AF335F /* DrawBarViewController.m */,
				847B57F51F51692D003555EF /* BrokenLine2ViewController.h */,
				847B57F61F51692D003555EF /* BrokenLine2ViewController.m */,
				842CBDC71EAE0F5F0090D92F /* Main.storyboard */,
				842CBDCA1EAE0F5F0090D92F /* Assets.xcassets */,
				842CBDCC1EAE0F5F0090D92F /* LaunchScreen.storyboard */,
				842CBDCF1EAE0F5F0090D92F /* Info.plist */,
				842CBDBE1EAE0F5F0090D92F /* Supporting Files */,
			);
			path = DrawByCollectionView;
			sourceTree = "<group>";
		};
		842CBDBE1EAE0F5F0090D92F /* Supporting Files */ = {
			isa = PBXGroup;
			children = (
				842CBDBF1EAE0F5F0090D92F /* main.m */,
				8465559C1EE6C738008B902A /* Images.xcassets */,
			);
			name = "Supporting Files";
			sourceTree = "<group>";
		};
		846361A31F569352000B65DC /* EasyCharts */ = {
			isa = PBXGroup;
			children = (
				846361A41F569352000B65DC /* BarGraph */,
				846361A91F569352000B65DC /* BrokenLineChart */,
				846361BC1F569352000B65DC /* Common */,
				846361C11F569352000B65DC /* EasyCharts.h */,
				846361C21F569352000B65DC /* PieChart */,
				846361CB1F569352000B65DC /* ProgressView */,
			);
			path = EasyCharts;
			sourceTree = "<group>";
		};
		846361A41F569352000B65DC /* BarGraph */ = {
			isa = PBXGroup;
			children = (
				846361A51F569352000B65DC /* DrawBarCollectionView.h */,
				846361A61F569352000B65DC /* DrawBarCollectionView.m */,
				846361A71F569352000B65DC /* DrawBarCollectionViewCell.h */,
				846361A81F569352000B65DC /* DrawBarCollectionViewCell.m */,
			);
			path = BarGraph;
			sourceTree = "<group>";
		};
		846361A91F569352000B65DC /* BrokenLineChart */ = {
			isa = PBXGroup;
			children = (
				846361AA1F569352000B65DC /* ECBrokenLineNormalCollectionView.h */,
				846361AB1F569352000B65DC /* ECBrokenLineNormalCollectionView.m */,
				846361B41F569352000B65DC /* ECBrokenLineCenterCollectionView.h */,
				846361B51F569352000B65DC /* ECBrokenLineCenterCollectionView.m */,
				846361DF1F56BDE0000B65DC /* ECBrokenLineCollectionView.h */,
				846361E01F56BDE0000B65DC /* ECBrokenLineCollectionView.m */,
				846361AC1F569352000B65DC /* ECBrokenLineNormalBackgroundView.h */,
				846361AD1F569352000B65DC /* ECBrokenLineNormalBackgroundView.m */,
				846361AE1F569352000B65DC /* ECBrokenLineConfig.h */,
				846361AF1F569352000B65DC /* ECBrokenLineConfig.m */,
				846361B01F569352000B65DC /* ECBrokenLineCenterBackgroundView.h */,
				846361B11F569352000B65DC /* ECBrokenLineCenterBackgroundView.m */,
				846361B21F569352000B65DC /* ECBrokenLineCircleLayer.h */,
				846361B31F569352000B65DC /* ECBrokenLineCircleLayer.m */,
				846361B61F569352000B65DC /* ECBrokenLineCollectionViewCell.h */,
				846361B71F569352000B65DC /* ECBrokenLineCollectionViewCell.m */,
				846361B81F569352000B65DC /* ECBrokenLineView.h */,
				846361B91F569352000B65DC /* ECBrokenLineView.m */,
				846361BA1F569352000B65DC /* ECBrokenLinePointModel.h */,
				846361BB1F569352000B65DC /* ECBrokenLinePointModel.m */,
				846361E21F56C9A1000B65DC /* ECBrokenLineProtocol.h */,
				846361E31F56CB6E000B65DC /* ECBrokenLineCollectionViewFactory.h */,
				846361E41F56CB6E000B65DC /* ECBrokenLineCollectionViewFactory.m */,
			);
			path = BrokenLineChart;
			sourceTree = "<group>";
		};
		846361BC1F569352000B65DC /* Common */ = {
			isa = PBXGroup;
			children = (
				846361BD1F569352000B65DC /* CommonColor.h */,
			);
			path = Common;
			sourceTree = "<group>";
		};
		846361C21F569352000B65DC /* PieChart */ = {
			isa = PBXGroup;
			children = (
				846361C31F569352000B65DC /* ECPieChartLineView.h */,
				846361C41F569352000B65DC /* ECPieChartLineView.m */,
				846361C51F569352000B65DC /* ECPieChartModel.h */,
				846361C61F569352000B65DC /* ECPieChartModel.m */,
				846361C71F569352000B65DC /* ECPieChartCoreView.h */,
				846361C81F569352000B65DC /* ECPieChartCoreView.m */,
				846361C91F569352000B65DC /* ECPieChartView.h */,
				846361CA1F569352000B65DC /* ECPieChartView.m */,
			);
			path = PieChart;
			sourceTree = "<group>";
		};
		846361CB1F569352000B65DC /* ProgressView */ = {
			isa = PBXGroup;
			children = (
				846361CC1F569352000B65DC /* DrawProgressChartView.h */,
				846361CD1F569352000B65DC /* DrawProgressChartView.m */,
			);
			path = ProgressView;
			sourceTree = "<group>";
		};
		846555A91EE8F0D1008B902A /* Frameworks */ = {
			isa = PBXGroup;
			children = (
				846555AA1EE8F0D1008B902A /* AdSupport.framework */,
			);
			name = Frameworks;
			sourceTree = "<group>";
		};
/* End PBXGroup section */

/* Begin PBXNativeTarget section */
		842CBDBA1EAE0F5F0090D92F /* DrawByCollectionView */ = {
			isa = PBXNativeTarget;
			buildConfigurationList = 842CBDD21EAE0F5F0090D92F /* Build configuration list for PBXNativeTarget "DrawByCollectionView" */;
			buildPhases = (
				842CBDB71EAE0F5F0090D92F /* Sources */,
				842CBDB81EAE0F5F0090D92F /* Frameworks */,
				842CBDB91EAE0F5F0090D92F /* Resources */,
			);
			buildRules = (
			);
			dependencies = (
			);
			name = DrawByCollectionView;
			productName = DrawByCollectionView;
			productReference = 842CBDBB1EAE0F5F0090D92F /* DrawByCollectionView.app */;
			productType = "com.apple.product-type.application";
		};
/* End PBXNativeTarget section */

/* Begin PBXProject section */
		842CBDB31EAE0F5F0090D92F /* Project object */ = {
			isa = PBXProject;
			attributes = {
				LastUpgradeCheck = 0830;
				ORGANIZATIONNAME = "宋永建";
				TargetAttributes = {
					842CBDBA1EAE0F5F0090D92F = {
						CreatedOnToolsVersion = 8.3;
						DevelopmentTeam = DJT5B363GH;
						ProvisioningStyle = Automatic;
					};
				};
			};
			buildConfigurationList = 842CBDB61EAE0F5F0090D92F /* Build configuration list for PBXProject "DrawByCollectionView" */;
			compatibilityVersion = "Xcode 3.2";
			developmentRegion = English;
			hasScannedForEncodings = 0;
			knownRegions = (
				en,
				Base,
			);
			mainGroup = 842CBDB21EAE0F5F0090D92F;
			productRefGroup = 842CBDBC1EAE0F5F0090D92F /* Products */;
			projectDirPath = "";
			projectRoot = "";
			targets = (
				842CBDBA1EAE0F5F0090D92F /* DrawByCollectionView */,
			);
		};
/* End PBXProject section */

/* Begin PBXResourcesBuildPhase section */
		842CBDB91EAE0F5F0090D92F /* Resources */ = {
			isa = PBXResourcesBuildPhase;
			buildActionMask = 2147483647;
			files = (
				842CBDCE1EAE0F5F0090D92F /* LaunchScreen.storyboard in Resources */,
				8465559D1EE6C738008B902A /* Images.xcassets in Resources */,
				842CBDCB1EAE0F5F0090D92F /* Assets.xcassets in Resources */,
				842CBDC91EAE0F5F0090D92F /* Main.storyboard in Resources */,
			);
			runOnlyForDeploymentPostprocessing = 0;
		};
/* End PBXResourcesBuildPhase section */

/* Begin PBXSourcesBuildPhase section */
		842CBDB71EAE0F5F0090D92F /* Sources */ = {
			isa = PBXSourcesBuildPhase;
			buildActionMask = 2147483647;
			files = (
				846361DE1F569352000B65DC /* DrawProgressChartView.m in Sources */,
				846361D71F569352000B65DC /* ECBrokenLineView.m in Sources */,
				846361E51F56CB6E000B65DC /* ECBrokenLineCollectionViewFactory.m in Sources */,
				846361D61F569352000B65DC /* ECBrokenLineCollectionViewCell.m in Sources */,
				846361DD1F569352000B65DC /* ECPieChartView.m in Sources */,
				846361D51F569352000B65DC /* ECBrokenLineCenterCollectionView.m in Sources */,
				846361D81F569352000B65DC /* ECBrokenLinePointModel.m in Sources */,
				846361D31F569352000B65DC /* ECBrokenLineCenterBackgroundView.m in Sources */,
				846555901EE67BD3008B902A /* ProgressViewViewController.m in Sources */,
				842CBDC61EAE0F5F0090D92F /* ViewController.m in Sources */,
				847B57F71F51692E003555EF /* BrokenLine2ViewController.m in Sources */,
				8465558D1EE67B7A008B902A /* DrawCircleViewController.m in Sources */,
				842CBDC31EAE0F5F0090D92F /* AppDelegate.m in Sources */,
				846361D11F569352000B65DC /* ECBrokenLineNormalBackgroundView.m in Sources */,
				846361D21F569352000B65DC /* ECBrokenLineConfig.m in Sources */,
				846361E11F56BDE0000B65DC /* ECBrokenLineCollectionView.m in Sources */,
				846361D41F569352000B65DC /* ECBrokenLineCircleLayer.m in Sources */,
				8465558A1EE67B21008B902A /* DrawLineViewController.m in Sources */,
				846361DC1F569352000B65DC /* ECPieChartCoreView.m in Sources */,
				8491B6701EEA7E5C00AF335F /* DrawBarViewController.m in Sources */,
				846361CE1F569352000B65DC /* DrawBarCollectionView.m in Sources */,
				846361CF1F569352000B65DC /* DrawBarCollectionViewCell.m in Sources */,
				842CBDC01EAE0F5F0090D92F /* main.m in Sources */,
				846361DA1F569352000B65DC /* ECPieChartLineView.m in Sources */,
				846361DB1F569352000B65DC /* ECPieChartModel.m in Sources */,
				846361D01F569352000B65DC /* ECBrokenLineNormalCollectionView.m in Sources */,
			);
			runOnlyForDeploymentPostprocessing = 0;
		};
/* End PBXSourcesBuildPhase section */

/* Begin PBXVariantGroup section */
		842CBDC71EAE0F5F0090D92F /* Main.storyboard */ = {
			isa = PBXVariantGroup;
			children = (
				842CBDC81EAE0F5F0090D92F /* Base */,
			);
			name = Main.storyboard;
			sourceTree = "<group>";
		};
		842CBDCC1EAE0F5F0090D92F /* LaunchScreen.storyboard */ = {
			isa = PBXVariantGroup;
			children = (
				842CBDCD1EAE0F5F0090D92F /* Base */,
			);
			name = LaunchScreen.storyboard;
			sourceTree = "<group>";
		};
/* End PBXVariantGroup section */

/* Begin XCBuildConfiguration section */
		842CBDD01EAE0F5F0090D92F /* Debug */ = {
			isa = XCBuildConfiguration;
			buildSettings = {
				ALWAYS_SEARCH_USER_PATHS = NO;
				CLANG_ANALYZER_NONNULL = YES;
				CLANG_ANALYZER_NUMBER_OBJECT_CONVERSION = YES_AGGRESSIVE;
				CLANG_CXX_LANGUAGE_STANDARD = "gnu++0x";
				CLANG_CXX_LIBRARY = "libc++";
				CLANG_ENABLE_MODULES = YES;
				CLANG_ENABLE_OBJC_ARC = YES;
				CLANG_WARN_BOOL_CONVERSION = YES;
				CLANG_WARN_CONSTANT_CONVERSION = YES;
				CLANG_WARN_DIRECT_OBJC_ISA_USAGE = YES_ERROR;
				CLANG_WARN_DOCUMENTATION_COMMENTS = YES;
				CLANG_WARN_EMPTY_BODY = YES;
				CLANG_WARN_ENUM_CONVERSION = YES;
				CLANG_WARN_INFINITE_RECURSION = YES;
				CLANG_WARN_INT_CONVERSION = YES;
				CLANG_WARN_OBJC_ROOT_CLASS = YES_ERROR;
				CLANG_WARN_SUSPICIOUS_MOVE = YES;
				CLANG_WARN_UNREACHABLE_CODE = YES;
				CLANG_WARN__DUPLICATE_METHOD_MATCH = YES;
				"CODE_SIGN_IDENTITY[sdk=iphoneos*]" = "iPhone Developer";
				COPY_PHASE_STRIP = NO;
				DEBUG_INFORMATION_FORMAT = dwarf;
				ENABLE_STRICT_OBJC_MSGSEND = YES;
				ENABLE_TESTABILITY = YES;
				GCC_C_LANGUAGE_STANDARD = gnu99;
				GCC_DYNAMIC_NO_PIC = NO;
				GCC_NO_COMMON_BLOCKS = YES;
				GCC_OPTIMIZATION_LEVEL = 0;
				GCC_PREPROCESSOR_DEFINITIONS = (
					"DEBUG=1",
					"$(inherited)",
				);
				GCC_WARN_64_TO_32_BIT_CONVERSION = YES;
				GCC_WARN_ABOUT_RETURN_TYPE = YES_ERROR;
				GCC_WARN_UNDECLARED_SELECTOR = YES;
				GCC_WARN_UNINITIALIZED_AUTOS = YES_AGGRESSIVE;
				GCC_WARN_UNUSED_FUNCTION = YES;
				GCC_WARN_UNUSED_VARIABLE = YES;
				IPHONEOS_DEPLOYMENT_TARGET = 10.3;
				MTL_ENABLE_DEBUG_INFO = YES;
				ONLY_ACTIVE_ARCH = YES;
				SDKROOT = iphoneos;
			};
			name = Debug;
		};
		842CBDD11EAE0F5F0090D92F /* Release */ = {
			isa = XCBuildConfiguration;
			buildSettings = {
				ALWAYS_SEARCH_USER_PATHS = NO;
				CLANG_ANALYZER_NONNULL = YES;
				CLANG_ANALYZER_NUMBER_OBJECT_CONVERSION = YES_AGGRESSIVE;
				CLANG_CXX_LANGUAGE_STANDARD = "gnu++0x";
				CLANG_CXX_LIBRARY = "libc++";
				CLANG_ENABLE_MODULES = YES;
				CLANG_ENABLE_OBJC_ARC = YES;
				CLANG_WARN_BOOL_CONVERSION = YES;
				CLANG_WARN_CONSTANT_CONVERSION = YES;
				CLANG_WARN_DIRECT_OBJC_ISA_USAGE = YES_ERROR;
				CLANG_WARN_DOCUMENTATION_COMMENTS = YES;
				CLANG_WARN_EMPTY_BODY = YES;
				CLANG_WARN_ENUM_CONVERSION = YES;
				CLANG_WARN_INFINITE_RECURSION = YES;
				CLANG_WARN_INT_CONVERSION = YES;
				CLANG_WARN_OBJC_ROOT_CLASS = YES_ERROR;
				CLANG_WARN_SUSPICIOUS_MOVE = YES;
				CLANG_WARN_UNREACHABLE_CODE = YES;
				CLANG_WARN__DUPLICATE_METHOD_MATCH = YES;
				"CODE_SIGN_IDENTITY[sdk=iphoneos*]" = "iPhone Developer";
				COPY_PHASE_STRIP = NO;
				DEBUG_INFORMATION_FORMAT = "dwarf-with-dsym";
				ENABLE_NS_ASSERTIONS = NO;
				ENABLE_STRICT_OBJC_MSGSEND = YES;
				GCC_C_LANGUAGE_STANDARD = gnu99;
				GCC_NO_COMMON_BLOCKS = YES;
				GCC_PREPROCESSOR_DEFINITIONS = NS_BLOCK_ASSERTIONS;
				GCC_WARN_64_TO_32_BIT_CONVERSION = YES;
				GCC_WARN_ABOUT_RETURN_TYPE = YES_ERROR;
				GCC_WARN_UNDECLARED_SELECTOR = YES;
				GCC_WARN_UNINITIALIZED_AUTOS = YES_AGGRESSIVE;
				GCC_WARN_UNUSED_FUNCTION = YES;
				GCC_WARN_UNUSED_VARIABLE = YES;
				IPHONEOS_DEPLOYMENT_TARGET = 10.3;
				MTL_ENABLE_DEBUG_INFO = NO;
				SDKROOT = iphoneos;
				VALIDATE_PRODUCT = YES;
			};
			name = Release;
		};
		842CBDD31EAE0F5F0090D92F /* Debug */ = {
			isa = XCBuildConfiguration;
			buildSettings = {
				ASSETCATALOG_COMPILER_APPICON_NAME = AppIcon;
				DEVELOPMENT_TEAM = DJT5B363GH;
				INFOPLIST_FILE = DrawByCollectionView/Info.plist;
				IPHONEOS_DEPLOYMENT_TARGET = 8.0;
				LD_RUNPATH_SEARCH_PATHS = "$(inherited) @executable_path/Frameworks";
				PRODUCT_BUNDLE_IDENTIFIER = com.topglobaledu.uschool.teacher;
				PRODUCT_NAME = "$(TARGET_NAME)";
			};
			name = Debug;
		};
		842CBDD41EAE0F5F0090D92F /* Release */ = {
			isa = XCBuildConfiguration;
			buildSettings = {
				ASSETCATALOG_COMPILER_APPICON_NAME = AppIcon;
				DEVELOPMENT_TEAM = DJT5B363GH;
				INFOPLIST_FILE = DrawByCollectionView/Info.plist;
				IPHONEOS_DEPLOYMENT_TARGET = 8.0;
				LD_RUNPATH_SEARCH_PATHS = "$(inherited) @executable_path/Frameworks";
				PRODUCT_BUNDLE_IDENTIFIER = com.topglobaledu.uschool.teacher;
				PRODUCT_NAME = "$(TARGET_NAME)";
			};
			name = Release;
		};
/* End XCBuildConfiguration section */

/* Begin XCConfigurationList section */
		842CBDB61EAE0F5F0090D92F /* Build configuration list for PBXProject "DrawByCollectionView" */ = {
			isa = XCConfigurationList;
			buildConfigurations = (
				842CBDD01EAE0F5F0090D92F /* Debug */,
				842CBDD11EAE0F5F0090D92F /* Release */,
			);
			defaultConfigurationIsVisible = 0;
			defaultConfigurationName = Release;
		};
		842CBDD21EAE0F5F0090D92F /* Build configuration list for PBXNativeTarget "DrawByCollectionView" */ = {
			isa = XCConfigurationList;
			buildConfigurations = (
				842CBDD31EAE0F5F0090D92F /* Debug */,
				842CBDD41EAE0F5F0090D92F /* Release */,
			);
			defaultConfigurationIsVisible = 0;
			defaultConfigurationName = Release;
		};
/* End XCConfigurationList section */
	};
	rootObject = 842CBDB31EAE0F5F0090D92F /* Project object */;
}
