// !$*UTF8*$!
{
	archiveVersion = 1;
	classes = {
	};
	objectVersion = 46;
	objects = {

/* Begin PBXBuildFile section */
		842CBDC01EAE0F5F0090D92F /* main.m in Sources */ = {isa = PBXBuildFile; fileRef = 842CBDBF1EAE0F5F0090D92F /* main.m */; };
		842CBDC31EAE0F5F0090D92F /* AppDelegate.m in Sources */ = {isa = PBXBuildFile; fileRef = 842CBDC21EAE0F5F0090D92F /* AppDelegate.m */; };
		842CBDC61EAE0F5F0090D92F /* ViewController.m in Sources */ = {isa = PBXBuildFile; fileRef = 842CBDC51EAE0F5F0090D92F /* ViewController.m */; };
		842CBDC91EAE0F5F0090D92F /* Main.storyboard in Resources */ = {isa = PBXBuildFile; fileRef = 842CBDC71EAE0F5F0090D92F /* Main.storyboard */; };
		842CBDCB1EAE0F5F0090D92F /* Assets.xcassets in Resources */ = {isa = PBXBuildFile; fileRef = 842CBDCA1EAE0F5F0090D92F /* Assets.xcassets */; };
		842CBDCE1EAE0F5F0090D92F /* LaunchScreen.storyboard in Resources */ = {isa = PBXBuildFile; fileRef = 842CBDCC1EAE0F5F0090D92F /* LaunchScreen.storyboard */; };
		842CBDD81EAE10DD0090D92F /* DrawLineCollectionView.m in Sources */ = {isa = PBXBuildFile; fileRef = 842CBDD71EAE10DD0090D92F /* DrawLineCollectionView.m */; };
		842CBDDB1EAE110E0090D92F /* DrawLineCollectionViewCell.m in Sources */ = {isa = PBXBuildFile; fileRef = 842CBDDA1EAE110E0090D92F /* DrawLineCollectionViewCell.m */; };
		842CBDDE1EAE125D0090D92F /* DrawLineView.m in Sources */ = {isa = PBXBuildFile; fileRef = 842CBDDD1EAE125D0090D92F /* DrawLineView.m */; };
		84AD075A1EB2134900AA1A2A /* DottedLineView.m in Sources */ = {isa = PBXBuildFile; fileRef = 84AD07591EB2134900AA1A2A /* DottedLineView.m */; };
		84E5BF391EBA16F200BCFCF2 /* XZMBaseRefreshView.m in Sources */ = {isa = PBXBuildFile; fileRef = 84E5BF1D1EBA16F200BCFCF2 /* XZMBaseRefreshView.m */; };
		84E5BF3A1EBA16F200BCFCF2 /* UIScrollView+XZMExtension.m in Sources */ = {isa = PBXBuildFile; fileRef = 84E5BF201EBA16F200BCFCF2 /* UIScrollView+XZMExtension.m */; };
		84E5BF3B1EBA16F200BCFCF2 /* UIScrollView+XZMRefresh.m in Sources */ = {isa = PBXBuildFile; fileRef = 84E5BF221EBA16F200BCFCF2 /* UIScrollView+XZMRefresh.m */; };
		84E5BF3C1EBA16F200BCFCF2 /* XZMRefreshFooter.m in Sources */ = {isa = PBXBuildFile; fileRef = 84E5BF261EBA16F200BCFCF2 /* XZMRefreshFooter.m */; };
		84E5BF3D1EBA16F200BCFCF2 /* XZMRefreshGifFooter.m in Sources */ = {isa = PBXBuildFile; fileRef = 84E5BF281EBA16F200BCFCF2 /* XZMRefreshGifFooter.m */; };
		84E5BF3E1EBA16F200BCFCF2 /* XZMRefreshNormalFooter.m in Sources */ = {isa = PBXBuildFile; fileRef = 84E5BF2A1EBA16F200BCFCF2 /* XZMRefreshNormalFooter.m */; };
		84E5BF3F1EBA16F200BCFCF2 /* XZMRefreshGifHeader.m in Sources */ = {isa = PBXBuildFile; fileRef = 84E5BF2D1EBA16F200BCFCF2 /* XZMRefreshGifHeader.m */; };
		84E5BF401EBA16F200BCFCF2 /* XZMRefreshHeader.m in Sources */ = {isa = PBXBuildFile; fileRef = 84E5BF2F1EBA16F200BCFCF2 /* XZMRefreshHeader.m */; };
		84E5BF411EBA16F200BCFCF2 /* XZMRefreshNormalHeader.m in Sources */ = {isa = PBXBuildFile; fileRef = 84E5BF311EBA16F200BCFCF2 /* XZMRefreshNormalHeader.m */; };
		84E5BF421EBA16F200BCFCF2 /* XZMRefreshConst.m in Sources */ = {isa = PBXBuildFile; fileRef = 84E5BF331EBA16F200BCFCF2 /* XZMRefreshConst.m */; };
		84E5BF431EBA16F200BCFCF2 /* UIView+XZMFrame.m in Sources */ = {isa = PBXBuildFile; fileRef = 84E5BF351EBA16F200BCFCF2 /* UIView+XZMFrame.m */; };
		84E5BF441EBA16F200BCFCF2 /* XZMRefresh.bundle in Resources */ = {isa = PBXBuildFile; fileRef = 84E5BF371EBA16F200BCFCF2 /* XZMRefresh.bundle */; };
		AA362FA31EB4F342007E710A /* PointViewModel.m in Sources */ = {isa = PBXBuildFile; fileRef = AA362FA21EB4F342007E710A /* PointViewModel.m */; };
		AA4616171EBF625200FEE1DD /* DrawCircleView.m in Sources */ = {isa = PBXBuildFile; fileRef = AA4616161EBF625200FEE1DD /* DrawCircleView.m */; };
		AA46161F1EBF735A00FEE1DD /* DrawProgressView.m in Sources */ = {isa = PBXBuildFile; fileRef = AA46161E1EBF735A00FEE1DD /* DrawProgressView.m */; };
/* End PBXBuildFile section */

/* Begin PBXFileReference section */
		842CBDBB1EAE0F5F0090D92F /* DrawByCollectionView.app */ = {isa = PBXFileReference; explicitFileType = wrapper.application; includeInIndex = 0; path = DrawByCollectionView.app; sourceTree = BUILT_PRODUCTS_DIR; };
		842CBDBF1EAE0F5F0090D92F /* main.m */ = {isa = PBXFileReference; lastKnownFileType = sourcecode.c.objc; path = main.m; sourceTree = "<group>"; };
		842CBDC11EAE0F5F0090D92F /* AppDelegate.h */ = {isa = PBXFileReference; lastKnownFileType = sourcecode.c.h; path = AppDelegate.h; sourceTree = "<group>"; };
		842CBDC21EAE0F5F0090D92F /* AppDelegate.m */ = {isa = PBXFileReference; lastKnownFileType = sourcecode.c.objc; path = AppDelegate.m; sourceTree = "<group>"; };
		842CBDC41EAE0F5F0090D92F /* ViewController.h */ = {isa = PBXFileReference; lastKnownFileType = sourcecode.c.h; path = ViewController.h; sourceTree = "<group>"; };
		842CBDC51EAE0F5F0090D92F /* ViewController.m */ = {isa = PBXFileReference; lastKnownFileType = sourcecode.c.objc; path = ViewController.m; sourceTree = "<group>"; };
		842CBDC81EAE0F5F0090D92F /* Base */ = {isa = PBXFileReference; lastKnownFileType = file.storyboard; name = Base; path = Base.lproj/Main.storyboard; sourceTree = "<group>"; };
		842CBDCA1EAE0F5F0090D92F /* Assets.xcassets */ = {isa = PBXFileReference; lastKnownFileType = folder.assetcatalog; path = Assets.xcassets; sourceTree = "<group>"; };
		842CBDCD1EAE0F5F0090D92F /* Base */ = {isa = PBXFileReference; lastKnownFileType = file.storyboard; name = Base; path = Base.lproj/LaunchScreen.storyboard; sourceTree = "<group>"; };
		842CBDCF1EAE0F5F0090D92F /* Info.plist */ = {isa = PBXFileReference; lastKnownFileType = text.plist.xml; path = Info.plist; sourceTree = "<group>"; };
		842CBDD61EAE10DD0090D92F /* DrawLineCollectionView.h */ = {isa = PBXFileReference; fileEncoding = 4; lastKnownFileType = sourcecode.c.h; path = DrawLineCollectionView.h; sourceTree = "<group>"; };
		842CBDD71EAE10DD0090D92F /* DrawLineCollectionView.m */ = {isa = PBXFileReference; fileEncoding = 4; lastKnownFileType = sourcecode.c.objc; path = DrawLineCollectionView.m; sourceTree = "<group>"; };
		842CBDD91EAE110E0090D92F /* DrawLineCollectionViewCell.h */ = {isa = PBXFileReference; fileEncoding = 4; lastKnownFileType = sourcecode.c.h; path = DrawLineCollectionViewCell.h; sourceTree = "<group>"; };
		842CBDDA1EAE110E0090D92F /* DrawLineCollectionViewCell.m */ = {isa = PBXFileReference; fileEncoding = 4; lastKnownFileType = sourcecode.c.objc; path = DrawLineCollectionViewCell.m; sourceTree = "<group>"; };
		842CBDDC1EAE125D0090D92F /* DrawLineView.h */ = {isa = PBXFileReference; fileEncoding = 4; lastKnownFileType = sourcecode.c.h; path = DrawLineView.h; sourceTree = "<group>"; };
		842CBDDD1EAE125D0090D92F /* DrawLineView.m */ = {isa = PBXFileReference; fileEncoding = 4; lastKnownFileType = sourcecode.c.objc; path = DrawLineView.m; sourceTree = "<group>"; };
		84AD07581EB2134900AA1A2A /* DottedLineView.h */ = {isa = PBXFileReference; fileEncoding = 4; lastKnownFileType = sourcecode.c.h; path = DottedLineView.h; sourceTree = "<group>"; };
		84AD07591EB2134900AA1A2A /* DottedLineView.m */ = {isa = PBXFileReference; fileEncoding = 4; lastKnownFileType = sourcecode.c.objc; path = DottedLineView.m; sourceTree = "<group>"; };
		84E5BF1C1EBA16F200BCFCF2 /* XZMBaseRefreshView.h */ = {isa = PBXFileReference; fileEncoding = 4; lastKnownFileType = sourcecode.c.h; path = XZMBaseRefreshView.h; sourceTree = "<group>"; };
		84E5BF1D1EBA16F200BCFCF2 /* XZMBaseRefreshView.m */ = {isa = PBXFileReference; fileEncoding = 4; lastKnownFileType = sourcecode.c.objc; path = XZMBaseRefreshView.m; sourceTree = "<group>"; };
		84E5BF1F1EBA16F200BCFCF2 /* UIScrollView+XZMExtension.h */ = {isa = PBXFileReference; fileEncoding = 4; lastKnownFileType = sourcecode.c.h; path = "UIScrollView+XZMExtension.h"; sourceTree = "<group>"; };
		84E5BF201EBA16F200BCFCF2 /* UIScrollView+XZMExtension.m */ = {isa = PBXFileReference; fileEncoding = 4; lastKnownFileType = sourcecode.c.objc; path = "UIScrollView+XZMExtension.m"; sourceTree = "<group>"; };
		84E5BF211EBA16F200BCFCF2 /* UIScrollView+XZMRefresh.h */ = {isa = PBXFileReference; fileEncoding = 4; lastKnownFileType = sourcecode.c.h; path = "UIScrollView+XZMRefresh.h"; sourceTree = "<group>"; };
		84E5BF221EBA16F200BCFCF2 /* UIScrollView+XZMRefresh.m */ = {isa = PBXFileReference; fileEncoding = 4; lastKnownFileType = sourcecode.c.objc; path = "UIScrollView+XZMRefresh.m"; sourceTree = "<group>"; };
		84E5BF251EBA16F200BCFCF2 /* XZMRefreshFooter.h */ = {isa = PBXFileReference; fileEncoding = 4; lastKnownFileType = sourcecode.c.h; path = XZMRefreshFooter.h; sourceTree = "<group>"; };
		84E5BF261EBA16F200BCFCF2 /* XZMRefreshFooter.m */ = {isa = PBXFileReference; fileEncoding = 4; lastKnownFileType = sourcecode.c.objc; path = XZMRefreshFooter.m; sourceTree = "<group>"; };
		84E5BF271EBA16F200BCFCF2 /* XZMRefreshGifFooter.h */ = {isa = PBXFileReference; fileEncoding = 4; lastKnownFileType = sourcecode.c.h; path = XZMRefreshGifFooter.h; sourceTree = "<group>"; };
		84E5BF281EBA16F200BCFCF2 /* XZMRefreshGifFooter.m */ = {isa = PBXFileReference; fileEncoding = 4; lastKnownFileType = sourcecode.c.objc; path = XZMRefreshGifFooter.m; sourceTree = "<group>"; };
		84E5BF291EBA16F200BCFCF2 /* XZMRefreshNormalFooter.h */ = {isa = PBXFileReference; fileEncoding = 4; lastKnownFileType = sourcecode.c.h; path = XZMRefreshNormalFooter.h; sourceTree = "<group>"; };
		84E5BF2A1EBA16F200BCFCF2 /* XZMRefreshNormalFooter.m */ = {isa = PBXFileReference; fileEncoding = 4; lastKnownFileType = sourcecode.c.objc; path = XZMRefreshNormalFooter.m; sourceTree = "<group>"; };
		84E5BF2C1EBA16F200BCFCF2 /* XZMRefreshGifHeader.h */ = {isa = PBXFileReference; fileEncoding = 4; lastKnownFileType = sourcecode.c.h; path = XZMRefreshGifHeader.h; sourceTree = "<group>"; };
		84E5BF2D1EBA16F200BCFCF2 /* XZMRefreshGifHeader.m */ = {isa = PBXFileReference; fileEncoding = 4; lastKnownFileType = sourcecode.c.objc; path = XZMRefreshGifHeader.m; sourceTree = "<group>"; };
		84E5BF2E1EBA16F200BCFCF2 /* XZMRefreshHeader.h */ = {isa = PBXFileReference; fileEncoding = 4; lastKnownFileType = sourcecode.c.h; path = XZMRefreshHeader.h; sourceTree = "<group>"; };
		84E5BF2F1EBA16F200BCFCF2 /* XZMRefreshHeader.m */ = {isa = PBXFileReference; fileEncoding = 4; lastKnownFileType = sourcecode.c.objc; path = XZMRefreshHeader.m; sourceTree = "<group>"; };
		84E5BF301EBA16F200BCFCF2 /* XZMRefreshNormalHeader.h */ = {isa = PBXFileReference; fileEncoding = 4; lastKnownFileType = sourcecode.c.h; path = XZMRefreshNormalHeader.h; sourceTree = "<group>"; };
		84E5BF311EBA16F200BCFCF2 /* XZMRefreshNormalHeader.m */ = {isa = PBXFileReference; fileEncoding = 4; lastKnownFileType = sourcecode.c.objc; path = XZMRefreshNormalHeader.m; sourceTree = "<group>"; };
		84E5BF331EBA16F200BCFCF2 /* XZMRefreshConst.m */ = {isa = PBXFileReference; fileEncoding = 4; lastKnownFileType = sourcecode.c.objc; path = "\U001aXZMRefreshConst.m"; sourceTree = "<group>"; };
		84E5BF341EBA16F200BCFCF2 /* UIView+XZMFrame.h */ = {isa = PBXFileReference; fileEncoding = 4; lastKnownFileType = sourcecode.c.h; path = "UIView+XZMFrame.h"; sourceTree = "<group>"; };
		84E5BF351EBA16F200BCFCF2 /* UIView+XZMFrame.m */ = {isa = PBXFileReference; fileEncoding = 4; lastKnownFileType = sourcecode.c.objc; path = "UIView+XZMFrame.m"; sourceTree = "<group>"; };
		84E5BF361EBA16F200BCFCF2 /* XZMRefreshConst.h */ = {isa = PBXFileReference; fileEncoding = 4; lastKnownFileType = sourcecode.c.h; path = XZMRefreshConst.h; sourceTree = "<group>"; };
		84E5BF371EBA16F200BCFCF2 /* XZMRefresh.bundle */ = {isa = PBXFileReference; lastKnownFileType = "wrapper.plug-in"; path = XZMRefresh.bundle; sourceTree = "<group>"; };
		84E5BF381EBA16F200BCFCF2 /* XZMRefresh.h */ = {isa = PBXFileReference; fileEncoding = 4; lastKnownFileType = sourcecode.c.h; path = XZMRefresh.h; sourceTree = "<group>"; };
		AA362FA11EB4F342007E710A /* PointViewModel.h */ = {isa = PBXFileReference; fileEncoding = 4; lastKnownFileType = sourcecode.c.h; path = PointViewModel.h; sourceTree = "<group>"; };
		AA362FA21EB4F342007E710A /* PointViewModel.m */ = {isa = PBXFileReference; fileEncoding = 4; lastKnownFileType = sourcecode.c.objc; path = PointViewModel.m; sourceTree = "<group>"; };
		AA4616151EBF625200FEE1DD /* DrawCircleView.h */ = {isa = PBXFileReference; fileEncoding = 4; lastKnownFileType = sourcecode.c.h; path = DrawCircleView.h; sourceTree = "<group>"; };
		AA4616161EBF625200FEE1DD /* DrawCircleView.m */ = {isa = PBXFileReference; fileEncoding = 4; lastKnownFileType = sourcecode.c.objc; path = DrawCircleView.m; sourceTree = "<group>"; };
		AA46161D1EBF735A00FEE1DD /* DrawProgressView.h */ = {isa = PBXFileReference; fileEncoding = 4; lastKnownFileType = sourcecode.c.h; path = DrawProgressView.h; sourceTree = "<group>"; };
		AA46161E1EBF735A00FEE1DD /* DrawProgressView.m */ = {isa = PBXFileReference; fileEncoding = 4; lastKnownFileType = sourcecode.c.objc; path = DrawProgressView.m; sourceTree = "<group>"; };
/* End PBXFileReference section */

/* Begin PBXFrameworksBuildPhase section */
		842CBDB81EAE0F5F0090D92F /* Frameworks */ = {
			isa = PBXFrameworksBuildPhase;
			buildActionMask = 2147483647;
			files = (
			);
			runOnlyForDeploymentPostprocessing = 0;
		};
/* End PBXFrameworksBuildPhase section */

/* Begin PBXGroup section */
		842CBDB21EAE0F5F0090D92F = {
			isa = PBXGroup;
			children = (
				842CBDBD1EAE0F5F0090D92F /* DrawByCollectionView */,
				842CBDBC1EAE0F5F0090D92F /* Products */,
			);
			sourceTree = "<group>";
		};
		842CBDBC1EAE0F5F0090D92F /* Products */ = {
			isa = PBXGroup;
			children = (
				842CBDBB1EAE0F5F0090D92F /* DrawByCollectionView.app */,
			);
			name = Products;
			sourceTree = "<group>";
		};
		842CBDBD1EAE0F5F0090D92F /* DrawByCollectionView */ = {
			isa = PBXGroup;
			children = (
				AA46161C1EBF733D00FEE1DD /* DrawProgress */,
				AA4616141EBF623600FEE1DD /* DrawCircle */,
				84E5BF1A1EBA16F200BCFCF2 /* XZMRefresh */,
				84AD07571EB2132300AA1A2A /* DottedLine */,
				842CBDD51EAE102D0090D92F /* DrawView */,
				842CBDC11EAE0F5F0090D92F /* AppDelegate.h */,
				842CBDC21EAE0F5F0090D92F /* AppDelegate.m */,
				842CBDC41EAE0F5F0090D92F /* ViewController.h */,
				842CBDC51EAE0F5F0090D92F /* ViewController.m */,
				842CBDC71EAE0F5F0090D92F /* Main.storyboard */,
				842CBDCA1EAE0F5F0090D92F /* Assets.xcassets */,
				842CBDCC1EAE0F5F0090D92F /* LaunchScreen.storyboard */,
				842CBDCF1EAE0F5F0090D92F /* Info.plist */,
				842CBDBE1EAE0F5F0090D92F /* Supporting Files */,
			);
			path = DrawByCollectionView;
			sourceTree = "<group>";
		};
		842CBDBE1EAE0F5F0090D92F /* Supporting Files */ = {
			isa = PBXGroup;
			children = (
				842CBDBF1EAE0F5F0090D92F /* main.m */,
			);
			name = "Supporting Files";
			sourceTree = "<group>";
		};
		842CBDD51EAE102D0090D92F /* DrawView */ = {
			isa = PBXGroup;
			children = (
				842CBDD61EAE10DD0090D92F /* DrawLineCollectionView.h */,
				842CBDD71EAE10DD0090D92F /* DrawLineCollectionView.m */,
				842CBDD91EAE110E0090D92F /* DrawLineCollectionViewCell.h */,
				842CBDDA1EAE110E0090D92F /* DrawLineCollectionViewCell.m */,
				842CBDDC1EAE125D0090D92F /* DrawLineView.h */,
				842CBDDD1EAE125D0090D92F /* DrawLineView.m */,
				AA362FA11EB4F342007E710A /* PointViewModel.h */,
				AA362FA21EB4F342007E710A /* PointViewModel.m */,
			);
			path = DrawView;
			sourceTree = "<group>";
		};
		84AD07571EB2132300AA1A2A /* DottedLine */ = {
			isa = PBXGroup;
			children = (
				84AD07581EB2134900AA1A2A /* DottedLineView.h */,
				84AD07591EB2134900AA1A2A /* DottedLineView.m */,
			);
			path = DottedLine;
			sourceTree = "<group>";
		};
		84E5BF1A1EBA16F200BCFCF2 /* XZMRefresh */ = {
			isa = PBXGroup;
			children = (
				84E5BF1B1EBA16F200BCFCF2 /* Base */,
				84E5BF1E1EBA16F200BCFCF2 /* Category */,
				84E5BF231EBA16F200BCFCF2 /* Custom */,
				84E5BF321EBA16F200BCFCF2 /* Other */,
				84E5BF371EBA16F200BCFCF2 /* XZMRefresh.bundle */,
				84E5BF381EBA16F200BCFCF2 /* XZMRefresh.h */,
			);
			path = XZMRefresh;
			sourceTree = "<group>";
		};
		84E5BF1B1EBA16F200BCFCF2 /* Base */ = {
			isa = PBXGroup;
			children = (
				84E5BF1C1EBA16F200BCFCF2 /* XZMBaseRefreshView.h */,
				84E5BF1D1EBA16F200BCFCF2 /* XZMBaseRefreshView.m */,
			);
			path = Base;
			sourceTree = "<group>";
		};
		84E5BF1E1EBA16F200BCFCF2 /* Category */ = {
			isa = PBXGroup;
			children = (
				84E5BF1F1EBA16F200BCFCF2 /* UIScrollView+XZMExtension.h */,
				84E5BF201EBA16F200BCFCF2 /* UIScrollView+XZMExtension.m */,
				84E5BF211EBA16F200BCFCF2 /* UIScrollView+XZMRefresh.h */,
				84E5BF221EBA16F200BCFCF2 /* UIScrollView+XZMRefresh.m */,
			);
			path = Category;
			sourceTree = "<group>";
		};
		84E5BF231EBA16F200BCFCF2 /* Custom */ = {
			isa = PBXGroup;
			children = (
				84E5BF241EBA16F200BCFCF2 /* Footer */,
				84E5BF2B1EBA16F200BCFCF2 /* Header */,
			);
			path = Custom;
			sourceTree = "<group>";
		};
		84E5BF241EBA16F200BCFCF2 /* Footer */ = {
			isa = PBXGroup;
			children = (
				84E5BF251EBA16F200BCFCF2 /* XZMRefreshFooter.h */,
				84E5BF261EBA16F200BCFCF2 /* XZMRefreshFooter.m */,
				84E5BF271EBA16F200BCFCF2 /* XZMRefreshGifFooter.h */,
				84E5BF281EBA16F200BCFCF2 /* XZMRefreshGifFooter.m */,
				84E5BF291EBA16F200BCFCF2 /* XZMRefreshNormalFooter.h */,
				84E5BF2A1EBA16F200BCFCF2 /* XZMRefreshNormalFooter.m */,
			);
			path = Footer;
			sourceTree = "<group>";
		};
		84E5BF2B1EBA16F200BCFCF2 /* Header */ = {
			isa = PBXGroup;
			children = (
				84E5BF2C1EBA16F200BCFCF2 /* XZMRefreshGifHeader.h */,
				84E5BF2D1EBA16F200BCFCF2 /* XZMRefreshGifHeader.m */,
				84E5BF2E1EBA16F200BCFCF2 /* XZMRefreshHeader.h */,
				84E5BF2F1EBA16F200BCFCF2 /* XZMRefreshHeader.m */,
				84E5BF301EBA16F200BCFCF2 /* XZMRefreshNormalHeader.h */,
				84E5BF311EBA16F200BCFCF2 /* XZMRefreshNormalHeader.m */,
			);
			path = Header;
			sourceTree = "<group>";
		};
		84E5BF321EBA16F200BCFCF2 /* Other */ = {
			isa = PBXGroup;
			children = (
				84E5BF331EBA16F200BCFCF2 /* XZMRefreshConst.m */,
				84E5BF341EBA16F200BCFCF2 /* UIView+XZMFrame.h */,
				84E5BF351EBA16F200BCFCF2 /* UIView+XZMFrame.m */,
				84E5BF361EBA16F200BCFCF2 /* XZMRefreshConst.h */,
			);
			path = Other;
			sourceTree = "<group>";
		};
		AA4616141EBF623600FEE1DD /* DrawCircle */ = {
			isa = PBXGroup;
			children = (
				AA4616151EBF625200FEE1DD /* DrawCircleView.h */,
				AA4616161EBF625200FEE1DD /* DrawCircleView.m */,
			);
			path = DrawCircle;
			sourceTree = "<group>";
		};
		AA46161C1EBF733D00FEE1DD /* DrawProgress */ = {
			isa = PBXGroup;
			children = (
				AA46161D1EBF735A00FEE1DD /* DrawProgressView.h */,
				AA46161E1EBF735A00FEE1DD /* DrawProgressView.m */,
			);
			path = DrawProgress;
			sourceTree = "<group>";
		};
/* End PBXGroup section */

/* Begin PBXNativeTarget section */
		842CBDBA1EAE0F5F0090D92F /* DrawByCollectionView */ = {
			isa = PBXNativeTarget;
			buildConfigurationList = 842CBDD21EAE0F5F0090D92F /* Build configuration list for PBXNativeTarget "DrawByCollectionView" */;
			buildPhases = (
				842CBDB71EAE0F5F0090D92F /* Sources */,
				842CBDB81EAE0F5F0090D92F /* Frameworks */,
				842CBDB91EAE0F5F0090D92F /* Resources */,
			);
			buildRules = (
			);
			dependencies = (
			);
			name = DrawByCollectionView;
			productName = DrawByCollectionView;
			productReference = 842CBDBB1EAE0F5F0090D92F /* DrawByCollectionView.app */;
			productType = "com.apple.product-type.application";
		};
/* End PBXNativeTarget section */

/* Begin PBXProject section */
		842CBDB31EAE0F5F0090D92F /* Project object */ = {
			isa = PBXProject;
			attributes = {
				LastUpgradeCheck = 0830;
				ORGANIZATIONNAME = "宋永建";
				TargetAttributes = {
					842CBDBA1EAE0F5F0090D92F = {
						CreatedOnToolsVersion = 8.3;
						DevelopmentTeam = 4Q29PW3YHN;
						ProvisioningStyle = Automatic;
					};
				};
			};
			buildConfigurationList = 842CBDB61EAE0F5F0090D92F /* Build configuration list for PBXProject "DrawByCollectionView" */;
			compatibilityVersion = "Xcode 3.2";
			developmentRegion = English;
			hasScannedForEncodings = 0;
			knownRegions = (
				en,
				Base,
			);
			mainGroup = 842CBDB21EAE0F5F0090D92F;
			productRefGroup = 842CBDBC1EAE0F5F0090D92F /* Products */;
			projectDirPath = "";
			projectRoot = "";
			targets = (
				842CBDBA1EAE0F5F0090D92F /* DrawByCollectionView */,
			);
		};
/* End PBXProject section */

/* Begin PBXResourcesBuildPhase section */
		842CBDB91EAE0F5F0090D92F /* Resources */ = {
			isa = PBXResourcesBuildPhase;
			buildActionMask = 2147483647;
			files = (
				842CBDCE1EAE0F5F0090D92F /* LaunchScreen.storyboard in Resources */,
				842CBDCB1EAE0F5F0090D92F /* Assets.xcassets in Resources */,
				842CBDC91EAE0F5F0090D92F /* Main.storyboard in Resources */,
				84E5BF441EBA16F200BCFCF2 /* XZMRefresh.bundle in Resources */,
			);
			runOnlyForDeploymentPostprocessing = 0;
		};
/* End PBXResourcesBuildPhase section */

/* Begin PBXSourcesBuildPhase section */
		842CBDB71EAE0F5F0090D92F /* Sources */ = {
			isa = PBXSourcesBuildPhase;
			buildActionMask = 2147483647;
			files = (
				AA46161F1EBF735A00FEE1DD /* DrawProgressView.m in Sources */,
				84E5BF421EBA16F200BCFCF2 /* XZMRefreshConst.m in Sources */,
				842CBDDE1EAE125D0090D92F /* DrawLineView.m in Sources */,
				AA362FA31EB4F342007E710A /* PointViewModel.m in Sources */,
				84E5BF3C1EBA16F200BCFCF2 /* XZMRefreshFooter.m in Sources */,
				842CBDD81EAE10DD0090D92F /* DrawLineCollectionView.m in Sources */,
				84E5BF401EBA16F200BCFCF2 /* XZMRefreshHeader.m in Sources */,
				84E5BF3D1EBA16F200BCFCF2 /* XZMRefreshGifFooter.m in Sources */,
				84E5BF3E1EBA16F200BCFCF2 /* XZMRefreshNormalFooter.m in Sources */,
				842CBDC61EAE0F5F0090D92F /* ViewController.m in Sources */,
				84E5BF431EBA16F200BCFCF2 /* UIView+XZMFrame.m in Sources */,
				84E5BF411EBA16F200BCFCF2 /* XZMRefreshNormalHeader.m in Sources */,
				84E5BF3B1EBA16F200BCFCF2 /* UIScrollView+XZMRefresh.m in Sources */,
				84AD075A1EB2134900AA1A2A /* DottedLineView.m in Sources */,
				84E5BF3A1EBA16F200BCFCF2 /* UIScrollView+XZMExtension.m in Sources */,
				84E5BF391EBA16F200BCFCF2 /* XZMBaseRefreshView.m in Sources */,
				84E5BF3F1EBA16F200BCFCF2 /* XZMRefreshGifHeader.m in Sources */,
				842CBDC31EAE0F5F0090D92F /* AppDelegate.m in Sources */,
				842CBDDB1EAE110E0090D92F /* DrawLineCollectionViewCell.m in Sources */,
				AA4616171EBF625200FEE1DD /* DrawCircleView.m in Sources */,
				842CBDC01EAE0F5F0090D92F /* main.m in Sources */,
			);
			runOnlyForDeploymentPostprocessing = 0;
		};
/* End PBXSourcesBuildPhase section */

/* Begin PBXVariantGroup section */
		842CBDC71EAE0F5F0090D92F /* Main.storyboard */ = {
			isa = PBXVariantGroup;
			children = (
				842CBDC81EAE0F5F0090D92F /* Base */,
			);
			name = Main.storyboard;
			sourceTree = "<group>";
		};
		842CBDCC1EAE0F5F0090D92F /* LaunchScreen.storyboard */ = {
			isa = PBXVariantGroup;
			children = (
				842CBDCD1EAE0F5F0090D92F /* Base */,
			);
			name = LaunchScreen.storyboard;
			sourceTree = "<group>";
		};
/* End PBXVariantGroup section */

/* Begin XCBuildConfiguration section */
		842CBDD01EAE0F5F0090D92F /* Debug */ = {
			isa = XCBuildConfiguration;
			buildSettings = {
				ALWAYS_SEARCH_USER_PATHS = NO;
				CLANG_ANALYZER_NONNULL = YES;
				CLANG_ANALYZER_NUMBER_OBJECT_CONVERSION = YES_AGGRESSIVE;
				CLANG_CXX_LANGUAGE_STANDARD = "gnu++0x";
				CLANG_CXX_LIBRARY = "libc++";
				CLANG_ENABLE_MODULES = YES;
				CLANG_ENABLE_OBJC_ARC = YES;
				CLANG_WARN_BOOL_CONVERSION = YES;
				CLANG_WARN_CONSTANT_CONVERSION = YES;
				CLANG_WARN_DIRECT_OBJC_ISA_USAGE = YES_ERROR;
				CLANG_WARN_DOCUMENTATION_COMMENTS = YES;
				CLANG_WARN_EMPTY_BODY = YES;
				CLANG_WARN_ENUM_CONVERSION = YES;
				CLANG_WARN_INFINITE_RECURSION = YES;
				CLANG_WARN_INT_CONVERSION = YES;
				CLANG_WARN_OBJC_ROOT_CLASS = YES_ERROR;
				CLANG_WARN_SUSPICIOUS_MOVE = YES;
				CLANG_WARN_UNREACHABLE_CODE = YES;
				CLANG_WARN__DUPLICATE_METHOD_MATCH = YES;
				"CODE_SIGN_IDENTITY[sdk=iphoneos*]" = "iPhone Developer";
				COPY_PHASE_STRIP = NO;
				DEBUG_INFORMATION_FORMAT = dwarf;
				ENABLE_STRICT_OBJC_MSGSEND = YES;
				ENABLE_TESTABILITY = YES;
				GCC_C_LANGUAGE_STANDARD = gnu99;
				GCC_DYNAMIC_NO_PIC = NO;
				GCC_NO_COMMON_BLOCKS = YES;
				GCC_OPTIMIZATION_LEVEL = 0;
				GCC_PREPROCESSOR_DEFINITIONS = (
					"DEBUG=1",
					"$(inherited)",
				);
				GCC_WARN_64_TO_32_BIT_CONVERSION = YES;
				GCC_WARN_ABOUT_RETURN_TYPE = YES_ERROR;
				GCC_WARN_UNDECLARED_SELECTOR = YES;
				GCC_WARN_UNINITIALIZED_AUTOS = YES_AGGRESSIVE;
				GCC_WARN_UNUSED_FUNCTION = YES;
				GCC_WARN_UNUSED_VARIABLE = YES;
				IPHONEOS_DEPLOYMENT_TARGET = 10.3;
				MTL_ENABLE_DEBUG_INFO = YES;
				ONLY_ACTIVE_ARCH = YES;
				SDKROOT = iphoneos;
			};
			name = Debug;
		};
		842CBDD11EAE0F5F0090D92F /* Release */ = {
			isa = XCBuildConfiguration;
			buildSettings = {
				ALWAYS_SEARCH_USER_PATHS = NO;
				CLANG_ANALYZER_NONNULL = YES;
				CLANG_ANALYZER_NUMBER_OBJECT_CONVERSION = YES_AGGRESSIVE;
				CLANG_CXX_LANGUAGE_STANDARD = "gnu++0x";
				CLANG_CXX_LIBRARY = "libc++";
				CLANG_ENABLE_MODULES = YES;
				CLANG_ENABLE_OBJC_ARC = YES;
				CLANG_WARN_BOOL_CONVERSION = YES;
				CLANG_WARN_CONSTANT_CONVERSION = YES;
				CLANG_WARN_DIRECT_OBJC_ISA_USAGE = YES_ERROR;
				CLANG_WARN_DOCUMENTATION_COMMENTS = YES;
				CLANG_WARN_EMPTY_BODY = YES;
				CLANG_WARN_ENUM_CONVERSION = YES;
				CLANG_WARN_INFINITE_RECURSION = YES;
				CLANG_WARN_INT_CONVERSION = YES;
				CLANG_WARN_OBJC_ROOT_CLASS = YES_ERROR;
				CLANG_WARN_SUSPICIOUS_MOVE = YES;
				CLANG_WARN_UNREACHABLE_CODE = YES;
				CLANG_WARN__DUPLICATE_METHOD_MATCH = YES;
				"CODE_SIGN_IDENTITY[sdk=iphoneos*]" = "iPhone Developer";
				COPY_PHASE_STRIP = NO;
				DEBUG_INFORMATION_FORMAT = "dwarf-with-dsym";
				ENABLE_NS_ASSERTIONS = NO;
				ENABLE_STRICT_OBJC_MSGSEND = YES;
				GCC_C_LANGUAGE_STANDARD = gnu99;
				GCC_NO_COMMON_BLOCKS = YES;
				GCC_WARN_64_TO_32_BIT_CONVERSION = YES;
				GCC_WARN_ABOUT_RETURN_TYPE = YES_ERROR;
				GCC_WARN_UNDECLARED_SELECTOR = YES;
				GCC_WARN_UNINITIALIZED_AUTOS = YES_AGGRESSIVE;
				GCC_WARN_UNUSED_FUNCTION = YES;
				GCC_WARN_UNUSED_VARIABLE = YES;
				IPHONEOS_DEPLOYMENT_TARGET = 10.3;
				MTL_ENABLE_DEBUG_INFO = NO;
				SDKROOT = iphoneos;
				VALIDATE_PRODUCT = YES;
			};
			name = Release;
		};
		842CBDD31EAE0F5F0090D92F /* Debug */ = {
			isa = XCBuildConfiguration;
			buildSettings = {
				ASSETCATALOG_COMPILER_APPICON_NAME = AppIcon;
				DEVELOPMENT_TEAM = 4Q29PW3YHN;
				INFOPLIST_FILE = DrawByCollectionView/Info.plist;
				IPHONEOS_DEPLOYMENT_TARGET = 8.0;
				LD_RUNPATH_SEARCH_PATHS = "$(inherited) @executable_path/Frameworks";
				PRODUCT_BUNDLE_IDENTIFIER = com.topglobaledu.uschool.teacher;
				PRODUCT_NAME = "$(TARGET_NAME)";
			};
			name = Debug;
		};
		842CBDD41EAE0F5F0090D92F /* Release */ = {
			isa = XCBuildConfiguration;
			buildSettings = {
				ASSETCATALOG_COMPILER_APPICON_NAME = AppIcon;
				DEVELOPMENT_TEAM = 4Q29PW3YHN;
				INFOPLIST_FILE = DrawByCollectionView/Info.plist;
				IPHONEOS_DEPLOYMENT_TARGET = 8.0;
				LD_RUNPATH_SEARCH_PATHS = "$(inherited) @executable_path/Frameworks";
				PRODUCT_BUNDLE_IDENTIFIER = com.topglobaledu.uschool.teacher;
				PRODUCT_NAME = "$(TARGET_NAME)";
			};
			name = Release;
		};
/* End XCBuildConfiguration section */

/* Begin XCConfigurationList section */
		842CBDB61EAE0F5F0090D92F /* Build configuration list for PBXProject "DrawByCollectionView" */ = {
			isa = XCConfigurationList;
			buildConfigurations = (
				842CBDD01EAE0F5F0090D92F /* Debug */,
				842CBDD11EAE0F5F0090D92F /* Release */,
			);
			defaultConfigurationIsVisible = 0;
			defaultConfigurationName = Release;
		};
		842CBDD21EAE0F5F0090D92F /* Build configuration list for PBXNativeTarget "DrawByCollectionView" */ = {
			isa = XCConfigurationList;
			buildConfigurations = (
				842CBDD31EAE0F5F0090D92F /* Debug */,
				842CBDD41EAE0F5F0090D92F /* Release */,
			);
			defaultConfigurationIsVisible = 0;
			defaultConfigurationName = Release;
		};
/* End XCConfigurationList section */
	};
	rootObject = 842CBDB31EAE0F5F0090D92F /* Project object */;
}
