// !$*UTF8*$!
{
	archiveVersion = 1;
	classes = {
	};
	objectVersion = 46;
	objects = {

/* Begin PBXBuildFile section */
		842CBDC01EAE0F5F0090D92F /* main.m in Sources */ = {isa = PBXBuildFile; fileRef = 842CBDBF1EAE0F5F0090D92F /* main.m */; };
		842CBDC31EAE0F5F0090D92F /* AppDelegate.m in Sources */ = {isa = PBXBuildFile; fileRef = 842CBDC21EAE0F5F0090D92F /* AppDelegate.m */; };
		842CBDC61EAE0F5F0090D92F /* ViewController.m in Sources */ = {isa = PBXBuildFile; fileRef = 842CBDC51EAE0F5F0090D92F /* ViewController.m */; };
		842CBDC91EAE0F5F0090D92F /* Main.storyboard in Resources */ = {isa = PBXBuildFile; fileRef = 842CBDC71EAE0F5F0090D92F /* Main.storyboard */; };
		842CBDCB1EAE0F5F0090D92F /* Assets.xcassets in Resources */ = {isa = PBXBuildFile; fileRef = 842CBDCA1EAE0F5F0090D92F /* Assets.xcassets */; };
		842CBDCE1EAE0F5F0090D92F /* LaunchScreen.storyboard in Resources */ = {isa = PBXBuildFile; fileRef = 842CBDCC1EAE0F5F0090D92F /* LaunchScreen.storyboard */; };
		842CBDD81EAE10DD0090D92F /* DrawLineCollectionView.m in Sources */ = {isa = PBXBuildFile; fileRef = 842CBDD71EAE10DD0090D92F /* DrawLineCollectionView.m */; };
		842CBDDB1EAE110E0090D92F /* DrawLineCollectionViewCell.m in Sources */ = {isa = PBXBuildFile; fileRef = 842CBDDA1EAE110E0090D92F /* DrawLineCollectionViewCell.m */; };
		842CBDDE1EAE125D0090D92F /* DrawLineView.m in Sources */ = {isa = PBXBuildFile; fileRef = 842CBDDD1EAE125D0090D92F /* DrawLineView.m */; };
		8465558A1EE67B21008B902A /* DrawLineViewController.m in Sources */ = {isa = PBXBuildFile; fileRef = 846555891EE67B21008B902A /* DrawLineViewController.m */; };
		8465558D1EE67B7A008B902A /* DrawCircleViewController.m in Sources */ = {isa = PBXBuildFile; fileRef = 8465558C1EE67B7A008B902A /* DrawCircleViewController.m */; };
		846555901EE67BD3008B902A /* ProgressViewViewController.m in Sources */ = {isa = PBXBuildFile; fileRef = 8465558F1EE67BD3008B902A /* ProgressViewViewController.m */; };
		846555951EE69876008B902A /* DrawLineBackgroundView.m in Sources */ = {isa = PBXBuildFile; fileRef = 846555941EE69876008B902A /* DrawLineBackgroundView.m */; };
		8465559D1EE6C738008B902A /* Images.xcassets in Resources */ = {isa = PBXBuildFile; fileRef = 8465559C1EE6C738008B902A /* Images.xcassets */; };
		846555A61EE8E567008B902A /* DrawLineCirclePointLayer.m in Sources */ = {isa = PBXBuildFile; fileRef = 846555A51EE8E566008B902A /* DrawLineCirclePointLayer.m */; };
		8491B66A1EEA78E400AF335F /* DrawBarCollectionView.m in Sources */ = {isa = PBXBuildFile; fileRef = 8491B6691EEA78E400AF335F /* DrawBarCollectionView.m */; };
		8491B66D1EEA7DE400AF335F /* DrawBarCollectionViewCell.m in Sources */ = {isa = PBXBuildFile; fileRef = 8491B66C1EEA7DE400AF335F /* DrawBarCollectionViewCell.m */; };
		8491B6701EEA7E5C00AF335F /* DrawBarViewController.m in Sources */ = {isa = PBXBuildFile; fileRef = 8491B66F1EEA7E5C00AF335F /* DrawBarViewController.m */; };
		8491B6841EEBEC0F00AF335F /* DrawCircleModel.m in Sources */ = {isa = PBXBuildFile; fileRef = 8491B6831EEBEC0F00AF335F /* DrawCircleModel.m */; };
		8491B6A31EEEC44F00AF335F /* DrawCircleLineView.m in Sources */ = {isa = PBXBuildFile; fileRef = 8491B6A21EEEC44F00AF335F /* DrawCircleLineView.m */; };
		84AD075A1EB2134900AA1A2A /* DottedLineView.m in Sources */ = {isa = PBXBuildFile; fileRef = 84AD07591EB2134900AA1A2A /* DottedLineView.m */; };
		84E46D401EC0234800E626E5 /* DrawProgressByShapeLayer.m in Sources */ = {isa = PBXBuildFile; fileRef = 84E46D3F1EC0234800E626E5 /* DrawProgressByShapeLayer.m */; };
		AA362FA31EB4F342007E710A /* PointViewModel.m in Sources */ = {isa = PBXBuildFile; fileRef = AA362FA21EB4F342007E710A /* PointViewModel.m */; };
		AA4616171EBF625200FEE1DD /* DrawCircleView.m in Sources */ = {isa = PBXBuildFile; fileRef = AA4616161EBF625200FEE1DD /* DrawCircleView.m */; };
/* End PBXBuildFile section */

/* Begin PBXFileReference section */
		842CBDBB1EAE0F5F0090D92F /* DrawByCollectionView.app */ = {isa = PBXFileReference; explicitFileType = wrapper.application; includeInIndex = 0; path = DrawByCollectionView.app; sourceTree = BUILT_PRODUCTS_DIR; };
		842CBDBF1EAE0F5F0090D92F /* main.m */ = {isa = PBXFileReference; lastKnownFileType = sourcecode.c.objc; path = main.m; sourceTree = "<group>"; };
		842CBDC11EAE0F5F0090D92F /* AppDelegate.h */ = {isa = PBXFileReference; lastKnownFileType = sourcecode.c.h; path = AppDelegate.h; sourceTree = "<group>"; };
		842CBDC21EAE0F5F0090D92F /* AppDelegate.m */ = {isa = PBXFileReference; lastKnownFileType = sourcecode.c.objc; path = AppDelegate.m; sourceTree = "<group>"; };
		842CBDC41EAE0F5F0090D92F /* ViewController.h */ = {isa = PBXFileReference; lastKnownFileType = sourcecode.c.h; path = ViewController.h; sourceTree = "<group>"; };
		842CBDC51EAE0F5F0090D92F /* ViewController.m */ = {isa = PBXFileReference; lastKnownFileType = sourcecode.c.objc; path = ViewController.m; sourceTree = "<group>"; };
		842CBDC81EAE0F5F0090D92F /* Base */ = {isa = PBXFileReference; lastKnownFileType = file.storyboard; name = Base; path = Base.lproj/Main.storyboard; sourceTree = "<group>"; };
		842CBDCA1EAE0F5F0090D92F /* Assets.xcassets */ = {isa = PBXFileReference; lastKnownFileType = folder.assetcatalog; path = Assets.xcassets; sourceTree = "<group>"; };
		842CBDCD1EAE0F5F0090D92F /* Base */ = {isa = PBXFileReference; lastKnownFileType = file.storyboard; name = Base; path = Base.lproj/LaunchScreen.storyboard; sourceTree = "<group>"; };
		842CBDCF1EAE0F5F0090D92F /* Info.plist */ = {isa = PBXFileReference; lastKnownFileType = text.plist.xml; path = Info.plist; sourceTree = "<group>"; };
		842CBDD61EAE10DD0090D92F /* DrawLineCollectionView.h */ = {isa = PBXFileReference; fileEncoding = 4; lastKnownFileType = sourcecode.c.h; path = DrawLineCollectionView.h; sourceTree = "<group>"; };
		842CBDD71EAE10DD0090D92F /* DrawLineCollectionView.m */ = {isa = PBXFileReference; fileEncoding = 4; lastKnownFileType = sourcecode.c.objc; path = DrawLineCollectionView.m; sourceTree = "<group>"; };
		842CBDD91EAE110E0090D92F /* DrawLineCollectionViewCell.h */ = {isa = PBXFileReference; fileEncoding = 4; lastKnownFileType = sourcecode.c.h; path = DrawLineCollectionViewCell.h; sourceTree = "<group>"; };
		842CBDDA1EAE110E0090D92F /* DrawLineCollectionViewCell.m */ = {isa = PBXFileReference; fileEncoding = 4; lastKnownFileType = sourcecode.c.objc; path = DrawLineCollectionViewCell.m; sourceTree = "<group>"; };
		842CBDDC1EAE125D0090D92F /* DrawLineView.h */ = {isa = PBXFileReference; fileEncoding = 4; lastKnownFileType = sourcecode.c.h; path = DrawLineView.h; sourceTree = "<group>"; };
		842CBDDD1EAE125D0090D92F /* DrawLineView.m */ = {isa = PBXFileReference; fileEncoding = 4; lastKnownFileType = sourcecode.c.objc; path = DrawLineView.m; sourceTree = "<group>"; };
		846555881EE67B21008B902A /* DrawLineViewController.h */ = {isa = PBXFileReference; fileEncoding = 4; lastKnownFileType = sourcecode.c.h; path = DrawLineViewController.h; sourceTree = "<group>"; };
		846555891EE67B21008B902A /* DrawLineViewController.m */ = {isa = PBXFileReference; fileEncoding = 4; lastKnownFileType = sourcecode.c.objc; path = DrawLineViewController.m; sourceTree = "<group>"; };
		8465558B1EE67B7A008B902A /* DrawCircleViewController.h */ = {isa = PBXFileReference; fileEncoding = 4; lastKnownFileType = sourcecode.c.h; path = DrawCircleViewController.h; sourceTree = "<group>"; };
		8465558C1EE67B7A008B902A /* DrawCircleViewController.m */ = {isa = PBXFileReference; fileEncoding = 4; lastKnownFileType = sourcecode.c.objc; path = DrawCircleViewController.m; sourceTree = "<group>"; };
		8465558E1EE67BD3008B902A /* ProgressViewViewController.h */ = {isa = PBXFileReference; fileEncoding = 4; lastKnownFileType = sourcecode.c.h; path = ProgressViewViewController.h; sourceTree = "<group>"; };
		8465558F1EE67BD3008B902A /* ProgressViewViewController.m */ = {isa = PBXFileReference; fileEncoding = 4; lastKnownFileType = sourcecode.c.objc; path = ProgressViewViewController.m; sourceTree = "<group>"; };
		846555931EE69876008B902A /* DrawLineBackgroundView.h */ = {isa = PBXFileReference; fileEncoding = 4; lastKnownFileType = sourcecode.c.h; path = DrawLineBackgroundView.h; sourceTree = "<group>"; };
		846555941EE69876008B902A /* DrawLineBackgroundView.m */ = {isa = PBXFileReference; fileEncoding = 4; lastKnownFileType = sourcecode.c.objc; path = DrawLineBackgroundView.m; sourceTree = "<group>"; };
		8465559C1EE6C738008B902A /* Images.xcassets */ = {isa = PBXFileReference; lastKnownFileType = folder.assetcatalog; path = Images.xcassets; sourceTree = "<group>"; };
		846555A41EE8E566008B902A /* DrawLineCirclePointLayer.h */ = {isa = PBXFileReference; fileEncoding = 4; lastKnownFileType = sourcecode.c.h; path = DrawLineCirclePointLayer.h; sourceTree = "<group>"; };
		846555A51EE8E566008B902A /* DrawLineCirclePointLayer.m */ = {isa = PBXFileReference; fileEncoding = 4; lastKnownFileType = sourcecode.c.objc; path = DrawLineCirclePointLayer.m; sourceTree = "<group>"; };
		846555AA1EE8F0D1008B902A /* AdSupport.framework */ = {isa = PBXFileReference; lastKnownFileType = wrapper.framework; name = AdSupport.framework; path = System/Library/Frameworks/AdSupport.framework; sourceTree = SDKROOT; };
		8491B6681EEA78E400AF335F /* DrawBarCollectionView.h */ = {isa = PBXFileReference; fileEncoding = 4; lastKnownFileType = sourcecode.c.h; path = DrawBarCollectionView.h; sourceTree = "<group>"; };
		8491B6691EEA78E400AF335F /* DrawBarCollectionView.m */ = {isa = PBXFileReference; fileEncoding = 4; lastKnownFileType = sourcecode.c.objc; path = DrawBarCollectionView.m; sourceTree = "<group>"; };
		8491B66B1EEA7DE400AF335F /* DrawBarCollectionViewCell.h */ = {isa = PBXFileReference; fileEncoding = 4; lastKnownFileType = sourcecode.c.h; path = DrawBarCollectionViewCell.h; sourceTree = "<group>"; };
		8491B66C1EEA7DE400AF335F /* DrawBarCollectionViewCell.m */ = {isa = PBXFileReference; fileEncoding = 4; lastKnownFileType = sourcecode.c.objc; path = DrawBarCollectionViewCell.m; sourceTree = "<group>"; };
		8491B66E1EEA7E5C00AF335F /* DrawBarViewController.h */ = {isa = PBXFileReference; fileEncoding = 4; lastKnownFileType = sourcecode.c.h; path = DrawBarViewController.h; sourceTree = "<group>"; };
		8491B66F1EEA7E5C00AF335F /* DrawBarViewController.m */ = {isa = PBXFileReference; fileEncoding = 4; lastKnownFileType = sourcecode.c.objc; path = DrawBarViewController.m; sourceTree = "<group>"; };
		8491B6821EEBEC0F00AF335F /* DrawCircleModel.h */ = {isa = PBXFileReference; fileEncoding = 4; lastKnownFileType = sourcecode.c.h; path = DrawCircleModel.h; sourceTree = "<group>"; };
		8491B6831EEBEC0F00AF335F /* DrawCircleModel.m */ = {isa = PBXFileReference; fileEncoding = 4; lastKnownFileType = sourcecode.c.objc; path = DrawCircleModel.m; sourceTree = "<group>"; };
		8491B6A11EEEC44F00AF335F /* DrawCircleLineView.h */ = {isa = PBXFileReference; fileEncoding = 4; lastKnownFileType = sourcecode.c.h; path = DrawCircleLineView.h; sourceTree = "<group>"; };
		8491B6A21EEEC44F00AF335F /* DrawCircleLineView.m */ = {isa = PBXFileReference; fileEncoding = 4; lastKnownFileType = sourcecode.c.objc; path = DrawCircleLineView.m; sourceTree = "<group>"; };
		84AD07581EB2134900AA1A2A /* DottedLineView.h */ = {isa = PBXFileReference; fileEncoding = 4; lastKnownFileType = sourcecode.c.h; path = DottedLineView.h; sourceTree = "<group>"; };
		84AD07591EB2134900AA1A2A /* DottedLineView.m */ = {isa = PBXFileReference; fileEncoding = 4; lastKnownFileType = sourcecode.c.objc; path = DottedLineView.m; sourceTree = "<group>"; };
		84E46D3E1EC0234800E626E5 /* DrawProgressByShapeLayer.h */ = {isa = PBXFileReference; fileEncoding = 4; lastKnownFileType = sourcecode.c.h; path = DrawProgressByShapeLayer.h; sourceTree = "<group>"; };
		84E46D3F1EC0234800E626E5 /* DrawProgressByShapeLayer.m */ = {isa = PBXFileReference; fileEncoding = 4; lastKnownFileType = sourcecode.c.objc; path = DrawProgressByShapeLayer.m; sourceTree = "<group>"; };
		AA362FA11EB4F342007E710A /* PointViewModel.h */ = {isa = PBXFileReference; fileEncoding = 4; lastKnownFileType = sourcecode.c.h; path = PointViewModel.h; sourceTree = "<group>"; };
		AA362FA21EB4F342007E710A /* PointViewModel.m */ = {isa = PBXFileReference; fileEncoding = 4; lastKnownFileType = sourcecode.c.objc; path = PointViewModel.m; sourceTree = "<group>"; };
		AA4616151EBF625200FEE1DD /* DrawCircleView.h */ = {isa = PBXFileReference; fileEncoding = 4; lastKnownFileType = sourcecode.c.h; path = DrawCircleView.h; sourceTree = "<group>"; };
		AA4616161EBF625200FEE1DD /* DrawCircleView.m */ = {isa = PBXFileReference; fileEncoding = 4; lastKnownFileType = sourcecode.c.objc; path = DrawCircleView.m; sourceTree = "<group>"; };
/* End PBXFileReference section */

/* Begin PBXFrameworksBuildPhase section */
		842CBDB81EAE0F5F0090D92F /* Frameworks */ = {
			isa = PBXFrameworksBuildPhase;
			buildActionMask = 2147483647;
			files = (
			);
			runOnlyForDeploymentPostprocessing = 0;
		};
/* End PBXFrameworksBuildPhase section */

/* Begin PBXGroup section */
		842CBDB21EAE0F5F0090D92F = {
			isa = PBXGroup;
			children = (
				842CBDBD1EAE0F5F0090D92F /* DrawByCollectionView */,
				842CBDBC1EAE0F5F0090D92F /* Products */,
				846555A91EE8F0D1008B902A /* Frameworks */,
			);
			sourceTree = "<group>";
		};
		842CBDBC1EAE0F5F0090D92F /* Products */ = {
			isa = PBXGroup;
			children = (
				842CBDBB1EAE0F5F0090D92F /* DrawByCollectionView.app */,
			);
			name = Products;
			sourceTree = "<group>";
		};
		842CBDBD1EAE0F5F0090D92F /* DrawByCollectionView */ = {
			isa = PBXGroup;
			children = (
				8491B6671EEA784500AF335F /* DrawBarChart */,
				AA46161C1EBF733D00FEE1DD /* DrawProgress */,
				AA4616141EBF623600FEE1DD /* DrawCircle */,
				84AD07571EB2132300AA1A2A /* DottedLine */,
				842CBDD51EAE102D0090D92F /* DrawView */,
				842CBDC11EAE0F5F0090D92F /* AppDelegate.h */,
				842CBDC21EAE0F5F0090D92F /* AppDelegate.m */,
				842CBDC41EAE0F5F0090D92F /* ViewController.h */,
				842CBDC51EAE0F5F0090D92F /* ViewController.m */,
				846555881EE67B21008B902A /* DrawLineViewController.h */,
				846555891EE67B21008B902A /* DrawLineViewController.m */,
				8465558B1EE67B7A008B902A /* DrawCircleViewController.h */,
				8465558C1EE67B7A008B902A /* DrawCircleViewController.m */,
				8465558E1EE67BD3008B902A /* ProgressViewViewController.h */,
				8465558F1EE67BD3008B902A /* ProgressViewViewController.m */,
				8491B66E1EEA7E5C00AF335F /* DrawBarViewController.h */,
				8491B66F1EEA7E5C00AF335F /* DrawBarViewController.m */,
				842CBDC71EAE0F5F0090D92F /* Main.storyboard */,
				842CBDCA1EAE0F5F0090D92F /* Assets.xcassets */,
				842CBDCC1EAE0F5F0090D92F /* LaunchScreen.storyboard */,
				842CBDCF1EAE0F5F0090D92F /* Info.plist */,
				842CBDBE1EAE0F5F0090D92F /* Supporting Files */,
			);
			path = DrawByCollectionView;
			sourceTree = "<group>";
		};
		842CBDBE1EAE0F5F0090D92F /* Supporting Files */ = {
			isa = PBXGroup;
			children = (
				842CBDBF1EAE0F5F0090D92F /* main.m */,
				8465559C1EE6C738008B902A /* Images.xcassets */,
			);
			name = "Supporting Files";
			sourceTree = "<group>";
		};
		842CBDD51EAE102D0090D92F /* DrawView */ = {
			isa = PBXGroup;
			children = (
				842CBDD61EAE10DD0090D92F /* DrawLineCollectionView.h */,
				842CBDD71EAE10DD0090D92F /* DrawLineCollectionView.m */,
				842CBDD91EAE110E0090D92F /* DrawLineCollectionViewCell.h */,
				842CBDDA1EAE110E0090D92F /* DrawLineCollectionViewCell.m */,
				842CBDDC1EAE125D0090D92F /* DrawLineView.h */,
				842CBDDD1EAE125D0090D92F /* DrawLineView.m */,
				AA362FA11EB4F342007E710A /* PointViewModel.h */,
				AA362FA21EB4F342007E710A /* PointViewModel.m */,
				846555931EE69876008B902A /* DrawLineBackgroundView.h */,
				846555941EE69876008B902A /* DrawLineBackgroundView.m */,
				846555A41EE8E566008B902A /* DrawLineCirclePointLayer.h */,
				846555A51EE8E566008B902A /* DrawLineCirclePointLayer.m */,
			);
			path = DrawView;
			sourceTree = "<group>";
		};
		846555A91EE8F0D1008B902A /* Frameworks */ = {
			isa = PBXGroup;
			children = (
				846555AA1EE8F0D1008B902A /* AdSupport.framework */,
			);
			name = Frameworks;
			sourceTree = "<group>";
		};
		8491B6671EEA784500AF335F /* DrawBarChart */ = {
			isa = PBXGroup;
			children = (
				8491B6681EEA78E400AF335F /* DrawBarCollectionView.h */,
				8491B6691EEA78E400AF335F /* DrawBarCollectionView.m */,
				8491B66B1EEA7DE400AF335F /* DrawBarCollectionViewCell.h */,
				8491B66C1EEA7DE400AF335F /* DrawBarCollectionViewCell.m */,
			);
			path = DrawBarChart;
			sourceTree = "<group>";
		};
		84AD07571EB2132300AA1A2A /* DottedLine */ = {
			isa = PBXGroup;
			children = (
				84AD07581EB2134900AA1A2A /* DottedLineView.h */,
				84AD07591EB2134900AA1A2A /* DottedLineView.m */,
			);
			path = DottedLine;
			sourceTree = "<group>";
		};
		AA4616141EBF623600FEE1DD /* DrawCircle */ = {
			isa = PBXGroup;
			children = (
				AA4616151EBF625200FEE1DD /* DrawCircleView.h */,
				AA4616161EBF625200FEE1DD /* DrawCircleView.m */,
				8491B6821EEBEC0F00AF335F /* DrawCircleModel.h */,
				8491B6831EEBEC0F00AF335F /* DrawCircleModel.m */,
				8491B6A11EEEC44F00AF335F /* DrawCircleLineView.h */,
				8491B6A21EEEC44F00AF335F /* DrawCircleLineView.m */,
			);
			path = DrawCircle;
			sourceTree = "<group>";
		};
		AA46161C1EBF733D00FEE1DD /* DrawProgress */ = {
			isa = PBXGroup;
			children = (
				84E46D3E1EC0234800E626E5 /* DrawProgressByShapeLayer.h */,
				84E46D3F1EC0234800E626E5 /* DrawProgressByShapeLayer.m */,
			);
			path = DrawProgress;
			sourceTree = "<group>";
		};
/* End PBXGroup section */

/* Begin PBXNativeTarget section */
		842CBDBA1EAE0F5F0090D92F /* DrawByCollectionView */ = {
			isa = PBXNativeTarget;
			buildConfigurationList = 842CBDD21EAE0F5F0090D92F /* Build configuration list for PBXNativeTarget "DrawByCollectionView" */;
			buildPhases = (
				842CBDB71EAE0F5F0090D92F /* Sources */,
				842CBDB81EAE0F5F0090D92F /* Frameworks */,
				842CBDB91EAE0F5F0090D92F /* Resources */,
			);
			buildRules = (
			);
			dependencies = (
			);
			name = DrawByCollectionView;
			productName = DrawByCollectionView;
			productReference = 842CBDBB1EAE0F5F0090D92F /* DrawByCollectionView.app */;
			productType = "com.apple.product-type.application";
		};
/* End PBXNativeTarget section */

/* Begin PBXProject section */
		842CBDB31EAE0F5F0090D92F /* Project object */ = {
			isa = PBXProject;
			attributes = {
				LastUpgradeCheck = 0830;
				ORGANIZATIONNAME = "宋永建";
				TargetAttributes = {
					842CBDBA1EAE0F5F0090D92F = {
						CreatedOnToolsVersion = 8.3;
						DevelopmentTeam = 4Q29PW3YHN;
						ProvisioningStyle = Automatic;
					};
				};
			};
			buildConfigurationList = 842CBDB61EAE0F5F0090D92F /* Build configuration list for PBXProject "DrawByCollectionView" */;
			compatibilityVersion = "Xcode 3.2";
			developmentRegion = English;
			hasScannedForEncodings = 0;
			knownRegions = (
				en,
				Base,
			);
			mainGroup = 842CBDB21EAE0F5F0090D92F;
			productRefGroup = 842CBDBC1EAE0F5F0090D92F /* Products */;
			projectDirPath = "";
			projectRoot = "";
			targets = (
				842CBDBA1EAE0F5F0090D92F /* DrawByCollectionView */,
			);
		};
/* End PBXProject section */

/* Begin PBXResourcesBuildPhase section */
		842CBDB91EAE0F5F0090D92F /* Resources */ = {
			isa = PBXResourcesBuildPhase;
			buildActionMask = 2147483647;
			files = (
				842CBDCE1EAE0F5F0090D92F /* LaunchScreen.storyboard in Resources */,
				8465559D1EE6C738008B902A /* Images.xcassets in Resources */,
				842CBDCB1EAE0F5F0090D92F /* Assets.xcassets in Resources */,
				842CBDC91EAE0F5F0090D92F /* Main.storyboard in Resources */,
			);
			runOnlyForDeploymentPostprocessing = 0;
		};
/* End PBXResourcesBuildPhase section */

/* Begin PBXSourcesBuildPhase section */
		842CBDB71EAE0F5F0090D92F /* Sources */ = {
			isa = PBXSourcesBuildPhase;
			buildActionMask = 2147483647;
			files = (
				846555951EE69876008B902A /* DrawLineBackgroundView.m in Sources */,
				842CBDDE1EAE125D0090D92F /* DrawLineView.m in Sources */,
				846555901EE67BD3008B902A /* ProgressViewViewController.m in Sources */,
				846555A61EE8E567008B902A /* DrawLineCirclePointLayer.m in Sources */,
				84E46D401EC0234800E626E5 /* DrawProgressByShapeLayer.m in Sources */,
				AA362FA31EB4F342007E710A /* PointViewModel.m in Sources */,
				842CBDD81EAE10DD0090D92F /* DrawLineCollectionView.m in Sources */,
				842CBDC61EAE0F5F0090D92F /* ViewController.m in Sources */,
				8491B6841EEBEC0F00AF335F /* DrawCircleModel.m in Sources */,
				84AD075A1EB2134900AA1A2A /* DottedLineView.m in Sources */,
				8465558D1EE67B7A008B902A /* DrawCircleViewController.m in Sources */,
				842CBDC31EAE0F5F0090D92F /* AppDelegate.m in Sources */,
				8491B66D1EEA7DE400AF335F /* DrawBarCollectionViewCell.m in Sources */,
				8465558A1EE67B21008B902A /* DrawLineViewController.m in Sources */,
				8491B66A1EEA78E400AF335F /* DrawBarCollectionView.m in Sources */,
				8491B6701EEA7E5C00AF335F /* DrawBarViewController.m in Sources */,
				842CBDDB1EAE110E0090D92F /* DrawLineCollectionViewCell.m in Sources */,
				AA4616171EBF625200FEE1DD /* DrawCircleView.m in Sources */,
				8491B6A31EEEC44F00AF335F /* DrawCircleLineView.m in Sources */,
				842CBDC01EAE0F5F0090D92F /* main.m in Sources */,
			);
			runOnlyForDeploymentPostprocessing = 0;
		};
/* End PBXSourcesBuildPhase section */

/* Begin PBXVariantGroup section */
		842CBDC71EAE0F5F0090D92F /* Main.storyboard */ = {
			isa = PBXVariantGroup;
			children = (
				842CBDC81EAE0F5F0090D92F /* Base */,
			);
			name = Main.storyboard;
			sourceTree = "<group>";
		};
		842CBDCC1EAE0F5F0090D92F /* LaunchScreen.storyboard */ = {
			isa = PBXVariantGroup;
			children = (
				842CBDCD1EAE0F5F0090D92F /* Base */,
			);
			name = LaunchScreen.storyboard;
			sourceTree = "<group>";
		};
/* End PBXVariantGroup section */

/* Begin XCBuildConfiguration section */
		842CBDD01EAE0F5F0090D92F /* Debug */ = {
			isa = XCBuildConfiguration;
			buildSettings = {
				ALWAYS_SEARCH_USER_PATHS = NO;
				CLANG_ANALYZER_NONNULL = YES;
				CLANG_ANALYZER_NUMBER_OBJECT_CONVERSION = YES_AGGRESSIVE;
				CLANG_CXX_LANGUAGE_STANDARD = "gnu++0x";
				CLANG_CXX_LIBRARY = "libc++";
				CLANG_ENABLE_MODULES = YES;
				CLANG_ENABLE_OBJC_ARC = YES;
				CLANG_WARN_BOOL_CONVERSION = YES;
				CLANG_WARN_CONSTANT_CONVERSION = YES;
				CLANG_WARN_DIRECT_OBJC_ISA_USAGE = YES_ERROR;
				CLANG_WARN_DOCUMENTATION_COMMENTS = YES;
				CLANG_WARN_EMPTY_BODY = YES;
				CLANG_WARN_ENUM_CONVERSION = YES;
				CLANG_WARN_INFINITE_RECURSION = YES;
				CLANG_WARN_INT_CONVERSION = YES;
				CLANG_WARN_OBJC_ROOT_CLASS = YES_ERROR;
				CLANG_WARN_SUSPICIOUS_MOVE = YES;
				CLANG_WARN_UNREACHABLE_CODE = YES;
				CLANG_WARN__DUPLICATE_METHOD_MATCH = YES;
				"CODE_SIGN_IDENTITY[sdk=iphoneos*]" = "iPhone Developer";
				COPY_PHASE_STRIP = NO;
				DEBUG_INFORMATION_FORMAT = dwarf;
				ENABLE_STRICT_OBJC_MSGSEND = YES;
				ENABLE_TESTABILITY = YES;
				GCC_C_LANGUAGE_STANDARD = gnu99;
				GCC_DYNAMIC_NO_PIC = NO;
				GCC_NO_COMMON_BLOCKS = YES;
				GCC_OPTIMIZATION_LEVEL = 0;
				GCC_PREPROCESSOR_DEFINITIONS = (
					"DEBUG=1",
					"$(inherited)",
				);
				GCC_WARN_64_TO_32_BIT_CONVERSION = YES;
				GCC_WARN_ABOUT_RETURN_TYPE = YES_ERROR;
				GCC_WARN_UNDECLARED_SELECTOR = YES;
				GCC_WARN_UNINITIALIZED_AUTOS = YES_AGGRESSIVE;
				GCC_WARN_UNUSED_FUNCTION = YES;
				GCC_WARN_UNUSED_VARIABLE = YES;
				IPHONEOS_DEPLOYMENT_TARGET = 10.3;
				MTL_ENABLE_DEBUG_INFO = YES;
				ONLY_ACTIVE_ARCH = YES;
				SDKROOT = iphoneos;
			};
			name = Debug;
		};
		842CBDD11EAE0F5F0090D92F /* Release */ = {
			isa = XCBuildConfiguration;
			buildSettings = {
				ALWAYS_SEARCH_USER_PATHS = NO;
				CLANG_ANALYZER_NONNULL = YES;
				CLANG_ANALYZER_NUMBER_OBJECT_CONVERSION = YES_AGGRESSIVE;
				CLANG_CXX_LANGUAGE_STANDARD = "gnu++0x";
				CLANG_CXX_LIBRARY = "libc++";
				CLANG_ENABLE_MODULES = YES;
				CLANG_ENABLE_OBJC_ARC = YES;
				CLANG_WARN_BOOL_CONVERSION = YES;
				CLANG_WARN_CONSTANT_CONVERSION = YES;
				CLANG_WARN_DIRECT_OBJC_ISA_USAGE = YES_ERROR;
				CLANG_WARN_DOCUMENTATION_COMMENTS = YES;
				CLANG_WARN_EMPTY_BODY = YES;
				CLANG_WARN_ENUM_CONVERSION = YES;
				CLANG_WARN_INFINITE_RECURSION = YES;
				CLANG_WARN_INT_CONVERSION = YES;
				CLANG_WARN_OBJC_ROOT_CLASS = YES_ERROR;
				CLANG_WARN_SUSPICIOUS_MOVE = YES;
				CLANG_WARN_UNREACHABLE_CODE = YES;
				CLANG_WARN__DUPLICATE_METHOD_MATCH = YES;
				"CODE_SIGN_IDENTITY[sdk=iphoneos*]" = "iPhone Developer";
				COPY_PHASE_STRIP = NO;
				DEBUG_INFORMATION_FORMAT = "dwarf-with-dsym";
				ENABLE_NS_ASSERTIONS = NO;
				ENABLE_STRICT_OBJC_MSGSEND = YES;
				GCC_C_LANGUAGE_STANDARD = gnu99;
				GCC_NO_COMMON_BLOCKS = YES;
				GCC_WARN_64_TO_32_BIT_CONVERSION = YES;
				GCC_WARN_ABOUT_RETURN_TYPE = YES_ERROR;
				GCC_WARN_UNDECLARED_SELECTOR = YES;
				GCC_WARN_UNINITIALIZED_AUTOS = YES_AGGRESSIVE;
				GCC_WARN_UNUSED_FUNCTION = YES;
				GCC_WARN_UNUSED_VARIABLE = YES;
				IPHONEOS_DEPLOYMENT_TARGET = 10.3;
				MTL_ENABLE_DEBUG_INFO = NO;
				SDKROOT = iphoneos;
				VALIDATE_PRODUCT = YES;
			};
			name = Release;
		};
		842CBDD31EAE0F5F0090D92F /* Debug */ = {
			isa = XCBuildConfiguration;
			buildSettings = {
				ASSETCATALOG_COMPILER_APPICON_NAME = AppIcon;
				DEVELOPMENT_TEAM = 4Q29PW3YHN;
				INFOPLIST_FILE = DrawByCollectionView/Info.plist;
				IPHONEOS_DEPLOYMENT_TARGET = 8.0;
				LD_RUNPATH_SEARCH_PATHS = "$(inherited) @executable_path/Frameworks";
				PRODUCT_BUNDLE_IDENTIFIER = com.topglobaledu.uschool.teacher;
				PRODUCT_NAME = "$(TARGET_NAME)";
			};
			name = Debug;
		};
		842CBDD41EAE0F5F0090D92F /* Release */ = {
			isa = XCBuildConfiguration;
			buildSettings = {
				ASSETCATALOG_COMPILER_APPICON_NAME = AppIcon;
				DEVELOPMENT_TEAM = 4Q29PW3YHN;
				INFOPLIST_FILE = DrawByCollectionView/Info.plist;
				IPHONEOS_DEPLOYMENT_TARGET = 8.0;
				LD_RUNPATH_SEARCH_PATHS = "$(inherited) @executable_path/Frameworks";
				PRODUCT_BUNDLE_IDENTIFIER = com.topglobaledu.uschool.teacher;
				PRODUCT_NAME = "$(TARGET_NAME)";
			};
			name = Release;
		};
/* End XCBuildConfiguration section */

/* Begin XCConfigurationList section */
		842CBDB61EAE0F5F0090D92F /* Build configuration list for PBXProject "DrawByCollectionView" */ = {
			isa = XCConfigurationList;
			buildConfigurations = (
				842CBDD01EAE0F5F0090D92F /* Debug */,
				842CBDD11EAE0F5F0090D92F /* Release */,
			);
			defaultConfigurationIsVisible = 0;
			defaultConfigurationName = Release;
		};
		842CBDD21EAE0F5F0090D92F /* Build configuration list for PBXNativeTarget "DrawByCollectionView" */ = {
			isa = XCConfigurationList;
			buildConfigurations = (
				842CBDD31EAE0F5F0090D92F /* Debug */,
				842CBDD41EAE0F5F0090D92F /* Release */,
			);
			defaultConfigurationIsVisible = 0;
			defaultConfigurationName = Release;
		};
/* End XCConfigurationList section */
	};
	rootObject = 842CBDB31EAE0F5F0090D92F /* Project object */;
}
